PODS:
  - AFNetworking (2.6.3):
    - AFNetworking/NSURLConnection (= 2.6.3)
    - AFNetworking/NSURLSession (= 2.6.3)
    - AFNetworking/Reachability (= 2.6.3)
    - AFNetworking/Security (= 2.6.3)
    - AFNetworking/Serialization (= 2.6.3)
    - AFNetworking/UIKit (= 2.6.3)
  - AFNetworking/NSURLConnection (2.6.3):
    - AFNetworking/Reachability
    - AFNetworking/Security
    - AFNetworking/Serialization
  - AFNetworking/NSURLSession (2.6.3):
    - AFNetworking/Reachability
    - AFNetworking/Security
    - AFNetworking/Serialization
  - AFNetworking/Reachability (2.6.3)
  - AFNetworking/Security (2.6.3)
  - AFNetworking/Serialization (2.6.3)
  - AFNetworking/UIKit (2.6.3):
    - AFNetworking/NSURLConnection
    - AFNetworking/NSURLSession
  - IQKeyboardManager (3.3.7)
  - JSONModel (1.2.0)
  - LazyPageScrollView (1.2)
  - LazyTableView (1.4.2):
    - AFNetworking (= 2.6.3)
    - JSONModel
    - MJRefresh
  - MJRefresh (3.1.0)
  - pop (1.0.9)
  - RunTrace (1.2)
  - SDWebImage (3.7.5):
    - SDWebImage/Core (= 3.7.5)
  - SDWebImage/Core (3.7.5)
  - SVProgressHUD (2.0)

DEPENDENCIES:
  - AFNetworking (= 2.6.3)
  - IQKeyboardManager
  - LazyPageScrollView
  - LazyTableView
  - pop
  - RunTrace
  - SDWebImage
  - SVProgressHUD

SPEC CHECKSUMS:
  AFNetworking: cb8d14a848e831097108418f5d49217339d4eb60
  IQKeyboardManager: 249c3946acf61345c18b038eb50863fe2793e3a8
  JSONModel: 12523685c4b623553ccf844bbbf7007624317b2c
  LazyPageScrollView: 03ba7705e9f9cfecb1577f9ee2c6e194cca47c7e
  LazyTableView: 7c629c992f9a7cff40cb3013e4c7f315927a99de
  MJRefresh: 743e6404967d1c2c688472ea3ecfde247d872db4
  pop: f667631a5108a2e60d9e8797c9b32ddaf2080bce
  RunTrace: 4daf5c37b5d8dc0afdb7767eee7c34e1d7794336
  SDWebImage: 69c6303e3348fba97e03f65d65d4fbc26740f461
  SVProgressHUD: e9e7c893686a20da55a28015ed384d9425e15479

COCOAPODS: 0.39.0
