// !$*UTF8*$!
{
	archiveVersion = 1;
	classes = {
	};
	objectVersion = 46;
	objects = {

/* Begin PBXBuildFile section */
		416A6B701CA9374E0086CCF8 /* main.m in Sources */ = {isa = PBXBuildFile; fileRef = 416A6B6F1CA9374E0086CCF8 /* main.m */; };
		416A6B731CA9374E0086CCF8 /* AppDelegate.m in Sources */ = {isa = PBXBuildFile; fileRef = 416A6B721CA9374E0086CCF8 /* AppDelegate.m */; };
		416A6B761CA9374E0086CCF8 /* ViewController.m in Sources */ = {isa = PBXBuildFile; fileRef = 416A6B751CA9374E0086CCF8 /* ViewController.m */; };
		416A6B791CA9374E0086CCF8 /* Main.storyboard in Resources */ = {isa = PBXBuildFile; fileRef = 416A6B771CA9374E0086CCF8 /* Main.storyboard */; };
		416A6B7B1CA9374E0086CCF8 /* Assets.xcassets in Resources */ = {isa = PBXBuildFile; fileRef = 416A6B7A1CA9374E0086CCF8 /* Assets.xcassets */; };
		416A6B7E1CA9374E0086CCF8 /* LaunchScreen.storyboard in Resources */ = {isa = PBXBuildFile; fileRef = 416A6B7C1CA9374E0086CCF8 /* LaunchScreen.storyboard */; };
		416A6B891CA9374E0086CCF8 /* ApeTests.m in Sources */ = {isa = PBXBuildFile; fileRef = 416A6B881CA9374E0086CCF8 /* ApeTests.m */; };
		416A6B941CA9374E0086CCF8 /* ApeUITests.m in Sources */ = {isa = PBXBuildFile; fileRef = 416A6B931CA9374E0086CCF8 /* ApeUITests.m */; };
/* End PBXBuildFile section */

/* Begin PBXContainerItemProxy section */
		416A6B851CA9374E0086CCF8 /* PBXContainerItemProxy */ = {
			isa = PBXContainerItemProxy;
			containerPortal = 416A6B631CA9374E0086CCF8 /* Project object */;
			proxyType = 1;
			remoteGlobalIDString = 416A6B6A1CA9374E0086CCF8;
			remoteInfo = Ape;
		};
		416A6B901CA9374E0086CCF8 /* PBXContainerItemProxy */ = {
			isa = PBXContainerItemProxy;
			containerPortal = 416A6B631CA9374E0086CCF8 /* Project object */;
			proxyType = 1;
			remoteGlobalIDString = 416A6B6A1CA9374E0086CCF8;
			remoteInfo = Ape;
		};
/* End PBXContainerItemProxy section */

/* Begin PBXFileReference section */
		416A6B6B1CA9374E0086CCF8 /* Ape.app */ = {isa = PBXFileReference; explicitFileType = wrapper.application; includeInIndex = 0; path = Ape.app; sourceTree = BUILT_PRODUCTS_DIR; };
		416A6B6F1CA9374E0086CCF8 /* main.m */ = {isa = PBXFileReference; lastKnownFileType = sourcecode.c.objc; path = main.m; sourceTree = "<group>"; };
		416A6B711CA9374E0086CCF8 /* AppDelegate.h */ = {isa = PBXFileReference; lastKnownFileType = sourcecode.c.h; path = AppDelegate.h; sourceTree = "<group>"; };
		416A6B721CA9374E0086CCF8 /* AppDelegate.m */ = {isa = PBXFileReference; lastKnownFileType = sourcecode.c.objc; path = AppDelegate.m; sourceTree = "<group>"; };
		416A6B741CA9374E0086CCF8 /* ViewController.h */ = {isa = PBXFileReference; lastKnownFileType = sourcecode.c.h; path = ViewController.h; sourceTree = "<group>"; };
		416A6B751CA9374E0086CCF8 /* ViewController.m */ = {isa = PBXFileReference; lastKnownFileType = sourcecode.c.objc; path = ViewController.m; sourceTree = "<group>"; };
		416A6B781CA9374E0086CCF8 /* Base */ = {isa = PBXFileReference; lastKnownFileType = file.storyboard; name = Base; path = Base.lproj/Main.storyboard; sourceTree = "<group>"; };
		416A6B7A1CA9374E0086CCF8 /* Assets.xcassets */ = {isa = PBXFileReference; lastKnownFileType = folder.assetcatalog; path = Assets.xcassets; sourceTree = "<group>"; };
		416A6B7D1CA9374E0086CCF8 /* Base */ = {isa = PBXFileReference; lastKnownFileType = file.storyboard; name = Base; path = Base.lproj/LaunchScreen.storyboard; sourceTree = "<group>"; };
		416A6B7F1CA9374E0086CCF8 /* Info.plist */ = {isa = PBXFileReference; lastKnownFileType = text.plist.xml; path = Info.plist; sourceTree = "<group>"; };
		416A6B841CA9374E0086CCF8 /* ApeTests.xctest */ = {isa = PBXFileReference; explicitFileType = wrapper.cfbundle; includeInIndex = 0; path = ApeTests.xctest; sourceTree = BUILT_PRODUCTS_DIR; };
		416A6B881CA9374E0086CCF8 /* ApeTests.m */ = {isa = PBXFileReference; lastKnownFileType = sourcecode.c.objc; path = ApeTests.m; sourceTree = "<group>"; };
		416A6B8A1CA9374E0086CCF8 /* Info.plist */ = {isa = PBXFileReference; lastKnownFileType = text.plist.xml; path = Info.plist; sourceTree = "<group>"; };
		416A6B8F1CA9374E0086CCF8 /* ApeUITests.xctest */ = {isa = PBXFileReference; explicitFileType = wrapper.cfbundle; includeInIndex = 0; path = ApeUITests.xctest; sourceTree = BUILT_PRODUCTS_DIR; };
		416A6B931CA9374E0086CCF8 /* ApeUITests.m */ = {isa = PBXFileReference; lastKnownFileType = sourcecode.c.objc; path = ApeUITests.m; sourceTree = "<group>"; };
		416A6B951CA9374E0086CCF8 /* Info.plist */ = {isa = PBXFileReference; lastKnownFileType = text.plist.xml; path = Info.plist; sourceTree = "<group>"; };
/* End PBXFileReference section */

/* Begin PBXFrameworksBuildPhase section */
		416A6B681CA9374E0086CCF8 /* Frameworks */ = {
			isa = PBXFrameworksBuildPhase;
			buildActionMask = 2147483647;
			files = (
			);
			runOnlyForDeploymentPostprocessing = 0;
		};
		416A6B811CA9374E0086CCF8 /* Frameworks */ = {
			isa = PBXFrameworksBuildPhase;
			buildActionMask = 2147483647;
			files = (
			);
			runOnlyForDeploymentPostprocessing = 0;
		};
		416A6B8C1CA9374E0086CCF8 /* Frameworks */ = {
			isa = PBXFrameworksBuildPhase;
			buildActionMask = 2147483647;
			files = (
			);
			runOnlyForDeploymentPostprocessing = 0;
		};
/* End PBXFrameworksBuildPhase section */

/* Begin PBXGroup section */
		416A6B621CA9374E0086CCF8 = {
			isa = PBXGroup;
			children = (
				416A6B6D1CA9374E0086CCF8 /* Ape */,
				416A6B871CA9374E0086CCF8 /* ApeTests */,
				416A6B921CA9374E0086CCF8 /* ApeUITests */,
				416A6B6C1CA9374E0086CCF8 /* Products */,
			);
			sourceTree = "<group>";
		};
		416A6B6C1CA9374E0086CCF8 /* Products */ = {
			isa = PBXGroup;
			children = (
				416A6B6B1CA9374E0086CCF8 /* Ape.app */,
				416A6B841CA9374E0086CCF8 /* ApeTests.xctest */,
				416A6B8F1CA9374E0086CCF8 /* ApeUITests.xctest */,
			);
			name = Products;
			sourceTree = "<group>";
		};
		416A6B6D1CA9374E0086CCF8 /* Ape */ = {
			isa = PBXGroup;
			children = (
				416A6B711CA9374E0086CCF8 /* AppDelegate.h */,
				416A6B721CA9374E0086CCF8 /* AppDelegate.m */,
				416A6B741CA9374E0086CCF8 /* ViewController.h */,
				416A6B751CA9374E0086CCF8 /* ViewController.m */,
				416A6B771CA9374E0086CCF8 /* Main.storyboard */,
				416A6B7A1CA9374E0086CCF8 /* Assets.xcassets */,
				416A6B7C1CA9374E0086CCF8 /* LaunchScreen.storyboard */,
				416A6B7F1CA9374E0086CCF8 /* Info.plist */,
				416A6B6E1CA9374E0086CCF8 /* Supporting Files */,
			);
			path = Ape;
			sourceTree = "<group>";
		};
		416A6B6E1CA9374E0086CCF8 /* Supporting Files */ = {
			isa = PBXGroup;
			children = (
				416A6B6F1CA9374E0086CCF8 /* main.m */,
			);
			name = "Supporting Files";
			sourceTree = "<group>";
		};
		416A6B871CA9374E0086CCF8 /* ApeTests */ = {
			isa = PBXGroup;
			children = (
				416A6B881CA9374E0086CCF8 /* ApeTests.m */,
				416A6B8A1CA9374E0086CCF8 /* Info.plist */,
			);
			path = ApeTests;
			sourceTree = "<group>";
		};
		416A6B921CA9374E0086CCF8 /* ApeUITests */ = {
			isa = PBXGroup;
			children = (
				416A6B931CA9374E0086CCF8 /* ApeUITests.m */,
				416A6B951CA9374E0086CCF8 /* Info.plist */,
			);
			path = ApeUITests;
			sourceTree = "<group>";
		};
/* End PBXGroup section */

/* Begin PBXNativeTarget section */
		416A6B6A1CA9374E0086CCF8 /* Ape */ = {
			isa = PBXNativeTarget;
			buildConfigurationList = 416A6B981CA9374E0086CCF8 /* Build configuration list for PBXNativeTarget "Ape" */;
			buildPhases = (
				416A6B671CA9374E0086CCF8 /* Sources */,
				416A6B681CA9374E0086CCF8 /* Frameworks */,
				416A6B691CA9374E0086CCF8 /* Resources */,
			);
			buildRules = (
			);
			dependencies = (
			);
			name = Ape;
			productName = Ape;
			productReference = 416A6B6B1CA9374E0086CCF8 /* Ape.app */;
			productType = "com.apple.product-type.application";
		};
		416A6B831CA9374E0086CCF8 /* ApeTests */ = {
			isa = PBXNativeTarget;
			buildConfigurationList = 416A6B9B1CA9374E0086CCF8 /* Build configuration list for PBXNativeTarget "ApeTests" */;
			buildPhases = (
				416A6B801CA9374E0086CCF8 /* Sources */,
				416A6B811CA9374E0086CCF8 /* Frameworks */,
				416A6B821CA9374E0086CCF8 /* Resources */,
			);
			buildRules = (
			);
			dependencies = (
				416A6B861CA9374E0086CCF8 /* PBXTargetDependency */,
			);
			name = ApeTests;
			productName = ApeTests;
			productReference = 416A6B841CA9374E0086CCF8 /* ApeTests.xctest */;
			productType = "com.apple.product-type.bundle.unit-test";
		};
		416A6B8E1CA9374E0086CCF8 /* ApeUITests */ = {
			isa = PBXNativeTarget;
			buildConfigurationList = 416A6B9E1CA9374E0086CCF8 /* Build configuration list for PBXNativeTarget "ApeUITests" */;
			buildPhases = (
				416A6B8B1CA9374E0086CCF8 /* Sources */,
				416A6B8C1CA9374E0086CCF8 /* Frameworks */,
				416A6B8D1CA9374E0086CCF8 /* Resources */,
			);
			buildRules = (
			);
			dependencies = (
				416A6B911CA9374E0086CCF8 /* PBXTargetDependency */,
			);
			name = ApeUITests;
			productName = ApeUITests;
			productReference = 416A6B8F1CA9374E0086CCF8 /* ApeUITests.xctest */;
			productType = "com.apple.product-type.bundle.ui-testing";
		};
/* End PBXNativeTarget section */

/* Begin PBXProject section */
		416A6B631CA9374E0086CCF8 /* Project object */ = {
			isa = PBXProject;
			attributes = {
				LastUpgradeCheck = 0720;
				ORGANIZATIONNAME = Geminy;
				TargetAttributes = {
					416A6B6A1CA9374E0086CCF8 = {
						CreatedOnToolsVersion = 7.2.1;
					};
					416A6B831CA9374E0086CCF8 = {
						CreatedOnToolsVersion = 7.2.1;
						TestTargetID = 416A6B6A1CA9374E0086CCF8;
					};
					416A6B8E1CA9374E0086CCF8 = {
						CreatedOnToolsVersion = 7.2.1;
						TestTargetID = 416A6B6A1CA9374E0086CCF8;
					};
				};
			};
			buildConfigurationList = 416A6B661CA9374E0086CCF8 /* Build configuration list for PBXProject "Ape" */;
			compatibilityVersion = "Xcode 3.2";
			developmentRegion = English;
			hasScannedForEncodings = 0;
			knownRegions = (
				en,
				Base,
			);
			mainGroup = 416A6B621CA9374E0086CCF8;
			productRefGroup = 416A6B6C1CA9374E0086CCF8 /* Products */;
			projectDirPath = "";
			projectRoot = "";
			targets = (
				416A6B6A1CA9374E0086CCF8 /* Ape */,
				416A6B831CA9374E0086CCF8 /* ApeTests */,
				416A6B8E1CA9374E0086CCF8 /* ApeUITests */,
			);
		};
/* End PBXProject section */

/* Begin PBXResourcesBuildPhase section */
		416A6B691CA9374E0086CCF8 /* Resources */ = {
			isa = PBXResourcesBuildPhase;
			buildActionMask = 2147483647;
			files = (
				416A6B7E1CA9374E0086CCF8 /* LaunchScreen.storyboard in Resources */,
				416A6B7B1CA9374E0086CCF8 /* Assets.xcassets in Resources */,
				416A6B791CA9374E0086CCF8 /* Main.storyboard in Resources */,
			);
			runOnlyForDeploymentPostprocessing = 0;
		};
		416A6B821CA9374E0086CCF8 /* Resources */ = {
			isa = PBXResourcesBuildPhase;
			buildActionMask = 2147483647;
			files = (
			);
			runOnlyForDeploymentPostprocessing = 0;
		};
		416A6B8D1CA9374E0086CCF8 /* Resources */ = {
			isa = PBXResourcesBuildPhase;
			buildActionMask = 2147483647;
			files = (
			);
			runOnlyForDeploymentPostprocessing = 0;
		};
/* End PBXResourcesBuildPhase section */

/* Begin PBXSourcesBuildPhase section */
		416A6B671CA9374E0086CCF8 /* Sources */ = {
			isa = PBXSourcesBuildPhase;
			buildActionMask = 2147483647;
			files = (
				416A6B761CA9374E0086CCF8 /* ViewController.m in Sources */,
				416A6B731CA9374E0086CCF8 /* AppDelegate.m in Sources */,
				416A6B701CA9374E0086CCF8 /* main.m in Sources */,
			);
			runOnlyForDeploymentPostprocessing = 0;
		};
		416A6B801CA9374E0086CCF8 /* Sources */ = {
			isa = PBXSourcesBuildPhase;
			buildActionMask = 2147483647;
			files = (
				416A6B891CA9374E0086CCF8 /* ApeTests.m in Sources */,
			);
			runOnlyForDeploymentPostprocessing = 0;
		};
		416A6B8B1CA9374E0086CCF8 /* Sources */ = {
			isa = PBXSourcesBuildPhase;
			buildActionMask = 2147483647;
			files = (
				416A6B941CA9374E0086CCF8 /* ApeUITests.m in Sources */,
			);
			runOnlyForDeploymentPostprocessing = 0;
		};
/* End PBXSourcesBuildPhase section */

/* Begin PBXTargetDependency section */
		416A6B861CA9374E0086CCF8 /* PBXTargetDependency */ = {
			isa = PBXTargetDependency;
			target = 416A6B6A1CA9374E0086CCF8 /* Ape */;
			targetProxy = 416A6B851CA9374E0086CCF8 /* PBXContainerItemProxy */;
		};
		416A6B911CA9374E0086CCF8 /* PBXTargetDependency */ = {
			isa = PBXTargetDependency;
			target = 416A6B6A1CA9374E0086CCF8 /* Ape */;
			targetProxy = 416A6B901CA9374E0086CCF8 /* PBXContainerItemProxy */;
		};
/* End PBXTargetDependency section */

/* Begin PBXVariantGroup section */
		416A6B771CA9374E0086CCF8 /* Main.storyboard */ = {
			isa = PBXVariantGroup;
			children = (
				416A6B781CA9374E0086CCF8 /* Base */,
			);
			name = Main.storyboard;
			sourceTree = "<group>";
		};
		416A6B7C1CA9374E0086CCF8 /* LaunchScreen.storyboard */ = {
			isa = PBXVariantGroup;
			children = (
				416A6B7D1CA9374E0086CCF8 /* Base */,
			);
			name = LaunchScreen.storyboard;
			sourceTree = "<group>";
		};
/* End PBXVariantGroup section */

/* Begin XCBuildConfiguration section */
		416A6B961CA9374E0086CCF8 /* Debug */ = {
			isa = XCBuildConfiguration;
			buildSettings = {
				ALWAYS_SEARCH_USER_PATHS = NO;
				CLANG_CXX_LANGUAGE_STANDARD = "gnu++0x";
				CLANG_CXX_LIBRARY = "libc++";
				CLANG_ENABLE_MODULES = YES;
				CLANG_ENABLE_OBJC_ARC = YES;
				CLANG_WARN_BOOL_CONVERSION = YES;
				CLANG_WARN_CONSTANT_CONVERSION = YES;
				CLANG_WARN_DIRECT_OBJC_ISA_USAGE = YES_ERROR;
				CLANG_WARN_EMPTY_BODY = YES;
				CLANG_WARN_ENUM_CONVERSION = YES;
				CLANG_WARN_INT_CONVERSION = YES;
				CLANG_WARN_OBJC_ROOT_CLASS = YES_ERROR;
				CLANG_WARN_UNREACHABLE_CODE = YES;
				CLANG_WARN__DUPLICATE_METHOD_MATCH = YES;
				"CODE_SIGN_IDENTITY[sdk=iphoneos*]" = "iPhone Developer";
				COPY_PHASE_STRIP = NO;
				DEBUG_INFORMATION_FORMAT = dwarf;
				ENABLE_STRICT_OBJC_MSGSEND = YES;
				ENABLE_TESTABILITY = YES;
				GCC_C_LANGUAGE_STANDARD = gnu99;
				GCC_DYNAMIC_NO_PIC = NO;
				GCC_NO_COMMON_BLOCKS = YES;
				GCC_OPTIMIZATION_LEVEL = 0;
				GCC_PREPROCESSOR_DEFINITIONS = (
					"DEBUG=1",
					"$(inherited)",
				);
				GCC_WARN_64_TO_32_BIT_CONVERSION = YES;
				GCC_WARN_ABOUT_RETURN_TYPE = YES_ERROR;
				GCC_WARN_UNDECLARED_SELECTOR = YES;
				GCC_WARN_UNINITIALIZED_AUTOS = YES_AGGRESSIVE;
				GCC_WARN_UNUSED_FUNCTION = YES;
				GCC_WARN_UNUSED_VARIABLE = YES;
				IPHONEOS_DEPLOYMENT_TARGET = 9.2;
				MTL_ENABLE_DEBUG_INFO = YES;
				ONLY_ACTIVE_ARCH = YES;
				SDKROOT = iphoneos;
			};
			name = Debug;
		};
		416A6B971CA9374E0086CCF8 /* Release */ = {
			isa = XCBuildConfiguration;
			buildSettings = {
				ALWAYS_SEARCH_USER_PATHS = NO;
				CLANG_CXX_LANGUAGE_STANDARD = "gnu++0x";
				CLANG_CXX_LIBRARY = "libc++";
				CLANG_ENABLE_MODULES = YES;
				CLANG_ENABLE_OBJC_ARC = YES;
				CLANG_WARN_BOOL_CONVERSION = YES;
				CLANG_WARN_CONSTANT_CONVERSION = YES;
				CLANG_WARN_DIRECT_OBJC_ISA_USAGE = YES_ERROR;
				CLANG_WARN_EMPTY_BODY = YES;
				CLANG_WARN_ENUM_CONVERSION = YES;
				CLANG_WARN_INT_CONVERSION = YES;
				CLANG_WARN_OBJC_ROOT_CLASS = YES_ERROR;
				CLANG_WARN_UNREACHABLE_CODE = YES;
				CLANG_WARN__DUPLICATE_METHOD_MATCH = YES;
				"CODE_SIGN_IDENTITY[sdk=iphoneos*]" = "iPhone Developer";
				COPY_PHASE_STRIP = NO;
				DEBUG_INFORMATION_FORMAT = "dwarf-with-dsym";
				ENABLE_NS_ASSERTIONS = NO;
				ENABLE_STRICT_OBJC_MSGSEND = YES;
				GCC_C_LANGUAGE_STANDARD = gnu99;
				GCC_NO_COMMON_BLOCKS = YES;
				GCC_WARN_64_TO_32_BIT_CONVERSION = YES;
				GCC_WARN_ABOUT_RETURN_TYPE = YES_ERROR;
				GCC_WARN_UNDECLARED_SELECTOR = YES;
				GCC_WARN_UNINITIALIZED_AUTOS = YES_AGGRESSIVE;
				GCC_WARN_UNUSED_FUNCTION = YES;
				GCC_WARN_UNUSED_VARIABLE = YES;
				IPHONEOS_DEPLOYMENT_TARGET = 9.2;
				MTL_ENABLE_DEBUG_INFO = NO;
				SDKROOT = iphoneos;
				VALIDATE_PRODUCT = YES;
			};
			name = Release;
		};
		416A6B991CA9374E0086CCF8 /* Debug */ = {
			isa = XCBuildConfiguration;
			buildSettings = {
				ASSETCATALOG_COMPILER_APPICON_NAME = AppIcon;
				CODE_SIGN_IDENTITY = "iPhone Developer";
				INFOPLIST_FILE = Ape/Info.plist;
				LD_RUNPATH_SEARCH_PATHS = "$(inherited) @executable_path/Frameworks";
				PRODUCT_BUNDLE_IDENTIFIER = com.Geminy.Ape;
				PRODUCT_NAME = "$(TARGET_NAME)";
			};
			name = Debug;
		};
		416A6B9A1CA9374E0086CCF8 /* Release */ = {
			isa = XCBuildConfiguration;
			buildSettings = {
				ASSETCATALOG_COMPILER_APPICON_NAME = AppIcon;
				CODE_SIGN_IDENTITY = "iPhone Developer";
				INFOPLIST_FILE = Ape/Info.plist;
				LD_RUNPATH_SEARCH_PATHS = "$(inherited) @executable_path/Frameworks";
				PRODUCT_BUNDLE_IDENTIFIER = com.Geminy.Ape;
				PRODUCT_NAME = "$(TARGET_NAME)";
			};
			name = Release;
		};
		416A6B9C1CA9374E0086CCF8 /* Debug */ = {
			isa = XCBuildConfiguration;
			buildSettings = {
				BUNDLE_LOADER = "$(TEST_HOST)";
				INFOPLIST_FILE = ApeTests/Info.plist;
				LD_RUNPATH_SEARCH_PATHS = "$(inherited) @executable_path/Frameworks @loader_path/Frameworks";
				PRODUCT_BUNDLE_IDENTIFIER = com.Geminy.ApeTests;
				PRODUCT_NAME = "$(TARGET_NAME)";
				TEST_HOST = "$(BUILT_PRODUCTS_DIR)/Ape.app/Ape";
			};
			name = Debug;
		};
		416A6B9D1CA9374E0086CCF8 /* Release */ = {
			isa = XCBuildConfiguration;
			buildSettings = {
				BUNDLE_LOADER = "$(TEST_HOST)";
				INFOPLIST_FILE = ApeTests/Info.plist;
				LD_RUNPATH_SEARCH_PATHS = "$(inherited) @executable_path/Frameworks @loader_path/Frameworks";
				PRODUCT_BUNDLE_IDENTIFIER = com.Geminy.ApeTests;
				PRODUCT_NAME = "$(TARGET_NAME)";
				TEST_HOST = "$(BUILT_PRODUCTS_DIR)/Ape.app/Ape";
			};
			name = Release;
		};
		416A6B9F1CA9374E0086CCF8 /* Debug */ = {
			isa = XCBuildConfiguration;
			buildSettings = {
				INFOPLIST_FILE = ApeUITests/Info.plist;
				LD_RUNPATH_SEARCH_PATHS = "$(inherited) @executable_path/Frameworks @loader_path/Frameworks";
				PRODUCT_BUNDLE_IDENTIFIER = com.Geminy.ApeUITests;
				PRODUCT_NAME = "$(TARGET_NAME)";
				TEST_TARGET_NAME = Ape;
				USES_XCTRUNNER = YES;
			};
			name = Debug;
		};
		416A6BA01CA9374E0086CCF8 /* Release */ = {
			isa = XCBuildConfiguration;
			buildSettings = {
				INFOPLIST_FILE = ApeUITests/Info.plist;
				LD_RUNPATH_SEARCH_PATHS = "$(inherited) @executable_path/Frameworks @loader_path/Frameworks";
				PRODUCT_BUNDLE_IDENTIFIER = com.Geminy.ApeUITests;
				PRODUCT_NAME = "$(TARGET_NAME)";
				TEST_TARGET_NAME = Ape;
				USES_XCTRUNNER = YES;
			};
			name = Release;
		};
/* End XCBuildConfiguration section */

/* Begin XCConfigurationList section */
		416A6B661CA9374E0086CCF8 /* Build configuration list for PBXProject "Ape" */ = {
			isa = XCConfigurationList;
			buildConfigurations = (
				416A6B961CA9374E0086CCF8 /* Debug */,
				416A6B971CA9374E0086CCF8 /* Release */,
			);
			defaultConfigurationIsVisible = 0;
			defaultConfigurationName = Release;
		};
		416A6B981CA9374E0086CCF8 /* Build configuration list for PBXNativeTarget "Ape" */ = {
			isa = XCConfigurationList;
			buildConfigurations = (
				416A6B991CA9374E0086CCF8 /* Debug */,
				416A6B9A1CA9374E0086CCF8 /* Release */,
			);
			defaultConfigurationIsVisible = 0;
		};
		416A6B9B1CA9374E0086CCF8 /* Build configuration list for PBXNativeTarget "ApeTests" */ = {
			isa = XCConfigurationList;
			buildConfigurations = (
				416A6B9C1CA9374E0086CCF8 /* Debug */,
				416A6B9D1CA9374E0086CCF8 /* Release */,
			);
			defaultConfigurationIsVisible = 0;
		};
		416A6B9E1CA9374E0086CCF8 /* Build configuration list for PBXNativeTarget "ApeUITests" */ = {
			isa = XCConfigurationList;
			buildConfigurations = (
				416A6B9F1CA9374E0086CCF8 /* Debug */,
				416A6BA01CA9374E0086CCF8 /* Release */,
			);
			defaultConfigurationIsVisible = 0;
		};
/* End XCConfigurationList section */
	};
	rootObject = 416A6B631CA9374E0086CCF8 /* Project object */;
}
