// !$*UTF8*$!
{
	archiveVersion = 1;
	classes = {
	};
	objectVersion = 46;
	objects = {

/* Begin PBXBuildFile section */
		4170FDD11CAA7A200038BDEE /* MASCompositeConstraint.m in Sources */ = {isa = PBXBuildFile; fileRef = 4170FDB91CAA7A200038BDEE /* MASCompositeConstraint.m */; };
		4170FDD21CAA7A200038BDEE /* MASConstraint.m in Sources */ = {isa = PBXBuildFile; fileRef = 4170FDBC1CAA7A200038BDEE /* MASConstraint.m */; };
		4170FDD31CAA7A200038BDEE /* MASConstraintMaker.m in Sources */ = {isa = PBXBuildFile; fileRef = 4170FDBE1CAA7A200038BDEE /* MASConstraintMaker.m */; };
		4170FDD41CAA7A200038BDEE /* MASLayoutConstraint.m in Sources */ = {isa = PBXBuildFile; fileRef = 4170FDC01CAA7A200038BDEE /* MASLayoutConstraint.m */; };
		4170FDD51CAA7A200038BDEE /* MASViewAttribute.m in Sources */ = {isa = PBXBuildFile; fileRef = 4170FDC41CAA7A200038BDEE /* MASViewAttribute.m */; };
		4170FDD61CAA7A200038BDEE /* MASViewConstraint.m in Sources */ = {isa = PBXBuildFile; fileRef = 4170FDC61CAA7A200038BDEE /* MASViewConstraint.m */; };
		4170FDD71CAA7A200038BDEE /* NSArray+MASAdditions.m in Sources */ = {isa = PBXBuildFile; fileRef = 4170FDC81CAA7A200038BDEE /* NSArray+MASAdditions.m */; };
		4170FDD81CAA7A200038BDEE /* NSLayoutConstraint+MASDebugAdditions.m in Sources */ = {isa = PBXBuildFile; fileRef = 4170FDCB1CAA7A200038BDEE /* NSLayoutConstraint+MASDebugAdditions.m */; };
		4170FDD91CAA7A200038BDEE /* View+MASAdditions.m in Sources */ = {isa = PBXBuildFile; fileRef = 4170FDCD1CAA7A200038BDEE /* View+MASAdditions.m */; };
		4170FDDA1CAA7A200038BDEE /* ViewController+MASAdditions.m in Sources */ = {isa = PBXBuildFile; fileRef = 4170FDD01CAA7A200038BDEE /* ViewController+MASAdditions.m */; };
		4173D7EA1CAB7D5100445EF2 /* LoginReq.m in Sources */ = {isa = PBXBuildFile; fileRef = 4173D7E91CAB7D5100445EF2 /* LoginReq.m */; };
		4173D7EF1CAB7DC100445EF2 /* BaseRequest.m in Sources */ = {isa = PBXBuildFile; fileRef = 4173D7EE1CAB7DC100445EF2 /* BaseRequest.m */; };
		4173D7F31CAB7DD100445EF2 /* BaseVM.m in Sources */ = {isa = PBXBuildFile; fileRef = 4173D7F21CAB7DD100445EF2 /* BaseVM.m */; };
		4173D7FC1CAB7F9600445EF2 /* LoginVM.m in Sources */ = {isa = PBXBuildFile; fileRef = 4173D7FB1CAB7F9600445EF2 /* LoginVM.m */; };
		417872D31CA93C19002E4BFF /* main.m in Sources */ = {isa = PBXBuildFile; fileRef = 417872D21CA93C19002E4BFF /* main.m */; };
		417872D61CA93C19002E4BFF /* AppDelegate.m in Sources */ = {isa = PBXBuildFile; fileRef = 417872D51CA93C19002E4BFF /* AppDelegate.m */; };
		417872DC1CA93C19002E4BFF /* Main.storyboard in Resources */ = {isa = PBXBuildFile; fileRef = 417872DA1CA93C19002E4BFF /* Main.storyboard */; };
		417872DE1CA93C19002E4BFF /* Assets.xcassets in Resources */ = {isa = PBXBuildFile; fileRef = 417872DD1CA93C19002E4BFF /* Assets.xcassets */; };
		417872E11CA93C19002E4BFF /* LaunchScreen.storyboard in Resources */ = {isa = PBXBuildFile; fileRef = 417872DF1CA93C19002E4BFF /* LaunchScreen.storyboard */; };
		417872EC1CA93C19002E4BFF /* ApeTests.m in Sources */ = {isa = PBXBuildFile; fileRef = 417872EB1CA93C19002E4BFF /* ApeTests.m */; };
		417872F71CA93C19002E4BFF /* ApeUITests.m in Sources */ = {isa = PBXBuildFile; fileRef = 417872F61CA93C19002E4BFF /* ApeUITests.m */; };
		417A0B6B1CAA42D80073AD68 /* NSDate+HDExtension.m in Sources */ = {isa = PBXBuildFile; fileRef = 417A0B501CAA42D80073AD68 /* NSDate+HDExtension.m */; };
		417A0B6C1CAA42D80073AD68 /* NSObject+Category.m in Sources */ = {isa = PBXBuildFile; fileRef = 417A0B521CAA42D80073AD68 /* NSObject+Category.m */; };
		417A0B6D1CAA42D80073AD68 /* NSString+Category.m in Sources */ = {isa = PBXBuildFile; fileRef = 417A0B541CAA42D80073AD68 /* NSString+Category.m */; };
		417A0B6E1CAA42D80073AD68 /* NSTimer+Category.m in Sources */ = {isa = PBXBuildFile; fileRef = 417A0B561CAA42D80073AD68 /* NSTimer+Category.m */; };
		417A0B6F1CAA42D80073AD68 /* UIActionSheet+Blocks.m in Sources */ = {isa = PBXBuildFile; fileRef = 417A0B581CAA42D80073AD68 /* UIActionSheet+Blocks.m */; };
		417A0B701CAA42D80073AD68 /* UIButton+Block.m in Sources */ = {isa = PBXBuildFile; fileRef = 417A0B5A1CAA42D80073AD68 /* UIButton+Block.m */; };
		417A0B711CAA42D90073AD68 /* UIColor+Category.m in Sources */ = {isa = PBXBuildFile; fileRef = 417A0B5C1CAA42D80073AD68 /* UIColor+Category.m */; };
		417A0B721CAA42D90073AD68 /* UIFont+Category.m in Sources */ = {isa = PBXBuildFile; fileRef = 417A0B5E1CAA42D80073AD68 /* UIFont+Category.m */; };
		417A0B731CAA42D90073AD68 /* UIImage+Extention.m in Sources */ = {isa = PBXBuildFile; fileRef = 417A0B601CAA42D80073AD68 /* UIImage+Extention.m */; };
		417A0B741CAA42D90073AD68 /* UIImagePickerController+Blocks.m in Sources */ = {isa = PBXBuildFile; fileRef = 417A0B621CAA42D80073AD68 /* UIImagePickerController+Blocks.m */; };
		417A0B751CAA42D90073AD68 /* UINavigationBar+ClearColor.m in Sources */ = {isa = PBXBuildFile; fileRef = 417A0B641CAA42D80073AD68 /* UINavigationBar+ClearColor.m */; };
		417A0B761CAA42D90073AD68 /* UINavigationController+Category.m in Sources */ = {isa = PBXBuildFile; fileRef = 417A0B661CAA42D80073AD68 /* UINavigationController+Category.m */; };
		417A0B771CAA42D90073AD68 /* UIView+Category.m in Sources */ = {isa = PBXBuildFile; fileRef = 417A0B681CAA42D80073AD68 /* UIView+Category.m */; };
		417A0B781CAA42D90073AD68 /* UIViewController+Category.m in Sources */ = {isa = PBXBuildFile; fileRef = 417A0B6A1CAA42D80073AD68 /* UIViewController+Category.m */; };
		417A0CE51CAA4C240073AD68 /* Hook.m in Sources */ = {isa = PBXBuildFile; fileRef = 417A0CE41CAA4C240073AD68 /* Hook.m */; };
		417A0CF51CAA4E8D0073AD68 /* Define.m in Sources */ = {isa = PBXBuildFile; fileRef = 417A0CF21CAA4E8D0073AD68 /* Define.m */; };
		417A0CF61CAA4E8D0073AD68 /* Util.m in Sources */ = {isa = PBXBuildFile; fileRef = 417A0CF41CAA4E8D0073AD68 /* Util.m */; };
		417A0CFB1CAA4FB90073AD68 /* HudView.bundle in Resources */ = {isa = PBXBuildFile; fileRef = 417A0CF81CAA4FB90073AD68 /* HudView.bundle */; };
		417A0CFC1CAA4FB90073AD68 /* HudView.m in Sources */ = {isa = PBXBuildFile; fileRef = 417A0CFA1CAA4FB90073AD68 /* HudView.m */; };
		417A0D0D1CAA51530073AD68 /* AnimateGravity.m in Sources */ = {isa = PBXBuildFile; fileRef = 417A0D001CAA51530073AD68 /* AnimateGravity.m */; };
		417A0D0E1CAA51530073AD68 /* AnimatePhoto.m in Sources */ = {isa = PBXBuildFile; fileRef = 417A0D021CAA51530073AD68 /* AnimatePhoto.m */; };
		417A0D0F1CAA51530073AD68 /* AnimatePushPop.m in Sources */ = {isa = PBXBuildFile; fileRef = 417A0D041CAA51530073AD68 /* AnimatePushPop.m */; };
		417A0D101CAA51530073AD68 /* AnimateTest.m in Sources */ = {isa = PBXBuildFile; fileRef = 417A0D061CAA51530073AD68 /* AnimateTest.m */; };
		417A0D111CAA51530073AD68 /* VCAnimateBase.m in Sources */ = {isa = PBXBuildFile; fileRef = 417A0D081CAA51530073AD68 /* VCAnimateBase.m */; };
		417A0D121CAA51530073AD68 /* VCAnimateDefine.m in Sources */ = {isa = PBXBuildFile; fileRef = 417A0D0A1CAA51530073AD68 /* VCAnimateDefine.m */; };
		417A0D131CAA51530073AD68 /* VCAnimateManager.m in Sources */ = {isa = PBXBuildFile; fileRef = 417A0D0C1CAA51530073AD68 /* VCAnimateManager.m */; };
		417B2A271CAD4BE500D9CFD3 /* BaseVC.bundle in Resources */ = {isa = PBXBuildFile; fileRef = 417B2A091CAD4BE500D9CFD3 /* BaseVC.bundle */; };
		417B2A281CAD4BE500D9CFD3 /* BaseViewController.m in Sources */ = {isa = PBXBuildFile; fileRef = 417B2A0B1CAD4BE500D9CFD3 /* BaseViewController.m */; };
		417B2A291CAD4BE500D9CFD3 /* BusinessVC.m in Sources */ = {isa = PBXBuildFile; fileRef = 417B2A0E1CAD4BE500D9CFD3 /* BusinessVC.m */; };
		417B2A2A1CAD4BE500D9CFD3 /* FindVC.m in Sources */ = {isa = PBXBuildFile; fileRef = 417B2A111CAD4BE500D9CFD3 /* FindVC.m */; };
		417B2A2B1CAD4BE500D9CFD3 /* HomeVC.m in Sources */ = {isa = PBXBuildFile; fileRef = 417B2A141CAD4BE500D9CFD3 /* HomeVC.m */; };
		417B2A2C1CAD4BE500D9CFD3 /* RegisterVC.m in Sources */ = {isa = PBXBuildFile; fileRef = 417B2A171CAD4BE500D9CFD3 /* RegisterVC.m */; };
		417B2A2D1CAD4BE500D9CFD3 /* RegisterVC.xib in Resources */ = {isa = PBXBuildFile; fileRef = 417B2A181CAD4BE500D9CFD3 /* RegisterVC.xib */; };
		417B2A2E1CAD4BE500D9CFD3 /* SetGestureCodeVC.m in Sources */ = {isa = PBXBuildFile; fileRef = 417B2A1A1CAD4BE500D9CFD3 /* SetGestureCodeVC.m */; };
		417B2A2F1CAD4BE500D9CFD3 /* ZYTextField.m in Sources */ = {isa = PBXBuildFile; fileRef = 417B2A1C1CAD4BE500D9CFD3 /* ZYTextField.m */; };
		417B2A311CAD4BE500D9CFD3 /* FavoritesVC.m in Sources */ = {isa = PBXBuildFile; fileRef = 417B2A211CAD4BE500D9CFD3 /* FavoritesVC.m */; };
		417B2A321CAD4BE500D9CFD3 /* MineCell.m in Sources */ = {isa = PBXBuildFile; fileRef = 417B2A231CAD4BE500D9CFD3 /* MineCell.m */; };
		417B2A331CAD4BE500D9CFD3 /* MineCell.xib in Resources */ = {isa = PBXBuildFile; fileRef = 417B2A241CAD4BE500D9CFD3 /* MineCell.xib */; };
		417B2A341CAD4BE500D9CFD3 /* MineVC.m in Sources */ = {isa = PBXBuildFile; fileRef = 417B2A261CAD4BE500D9CFD3 /* MineVC.m */; };
		9B6FE50240853D7B0F9BC568 /* libPods.a in Frameworks */ = {isa = PBXBuildFile; fileRef = 42E1366A2619C55CB0A855F1 /* libPods.a */; };
/* End PBXBuildFile section */

/* Begin PBXContainerItemProxy section */
		417872E81CA93C19002E4BFF /* PBXContainerItemProxy */ = {
			isa = PBXContainerItemProxy;
			containerPortal = 417872C61CA93C19002E4BFF /* Project object */;
			proxyType = 1;
			remoteGlobalIDString = 417872CD1CA93C19002E4BFF;
			remoteInfo = Ape;
		};
		417872F31CA93C19002E4BFF /* PBXContainerItemProxy */ = {
			isa = PBXContainerItemProxy;
			containerPortal = 417872C61CA93C19002E4BFF /* Project object */;
			proxyType = 1;
			remoteGlobalIDString = 417872CD1CA93C19002E4BFF;
			remoteInfo = Ape;
		};
/* End PBXContainerItemProxy section */

/* Begin PBXFileReference section */
		205A26B5FDF3C356168ADB86 /* Pods.release.xcconfig */ = {isa = PBXFileReference; includeInIndex = 1; lastKnownFileType = text.xcconfig; name = Pods.release.xcconfig; path = "Pods/Target Support Files/Pods/Pods.release.xcconfig"; sourceTree = "<group>"; };
		4170FDB81CAA7A200038BDEE /* MASCompositeConstraint.h */ = {isa = PBXFileReference; fileEncoding = 4; lastKnownFileType = sourcecode.c.h; path = MASCompositeConstraint.h; sourceTree = "<group>"; };
		4170FDB91CAA7A200038BDEE /* MASCompositeConstraint.m */ = {isa = PBXFileReference; fileEncoding = 4; lastKnownFileType = sourcecode.c.objc; path = MASCompositeConstraint.m; sourceTree = "<group>"; };
		4170FDBA1CAA7A200038BDEE /* MASConstraint+Private.h */ = {isa = PBXFileReference; fileEncoding = 4; lastKnownFileType = sourcecode.c.h; path = "MASConstraint+Private.h"; sourceTree = "<group>"; };
		4170FDBB1CAA7A200038BDEE /* MASConstraint.h */ = {isa = PBXFileReference; fileEncoding = 4; lastKnownFileType = sourcecode.c.h; path = MASConstraint.h; sourceTree = "<group>"; };
		4170FDBC1CAA7A200038BDEE /* MASConstraint.m */ = {isa = PBXFileReference; fileEncoding = 4; lastKnownFileType = sourcecode.c.objc; path = MASConstraint.m; sourceTree = "<group>"; };
		4170FDBD1CAA7A200038BDEE /* MASConstraintMaker.h */ = {isa = PBXFileReference; fileEncoding = 4; lastKnownFileType = sourcecode.c.h; path = MASConstraintMaker.h; sourceTree = "<group>"; };
		4170FDBE1CAA7A200038BDEE /* MASConstraintMaker.m */ = {isa = PBXFileReference; fileEncoding = 4; lastKnownFileType = sourcecode.c.objc; path = MASConstraintMaker.m; sourceTree = "<group>"; };
		4170FDBF1CAA7A200038BDEE /* MASLayoutConstraint.h */ = {isa = PBXFileReference; fileEncoding = 4; lastKnownFileType = sourcecode.c.h; path = MASLayoutConstraint.h; sourceTree = "<group>"; };
		4170FDC01CAA7A200038BDEE /* MASLayoutConstraint.m */ = {isa = PBXFileReference; fileEncoding = 4; lastKnownFileType = sourcecode.c.objc; path = MASLayoutConstraint.m; sourceTree = "<group>"; };
		4170FDC11CAA7A200038BDEE /* Masonry.h */ = {isa = PBXFileReference; fileEncoding = 4; lastKnownFileType = sourcecode.c.h; path = Masonry.h; sourceTree = "<group>"; };
		4170FDC21CAA7A200038BDEE /* MASUtilities.h */ = {isa = PBXFileReference; fileEncoding = 4; lastKnownFileType = sourcecode.c.h; path = MASUtilities.h; sourceTree = "<group>"; };
		4170FDC31CAA7A200038BDEE /* MASViewAttribute.h */ = {isa = PBXFileReference; fileEncoding = 4; lastKnownFileType = sourcecode.c.h; path = MASViewAttribute.h; sourceTree = "<group>"; };
		4170FDC41CAA7A200038BDEE /* MASViewAttribute.m */ = {isa = PBXFileReference; fileEncoding = 4; lastKnownFileType = sourcecode.c.objc; path = MASViewAttribute.m; sourceTree = "<group>"; };
		4170FDC51CAA7A200038BDEE /* MASViewConstraint.h */ = {isa = PBXFileReference; fileEncoding = 4; lastKnownFileType = sourcecode.c.h; path = MASViewConstraint.h; sourceTree = "<group>"; };
		4170FDC61CAA7A200038BDEE /* MASViewConstraint.m */ = {isa = PBXFileReference; fileEncoding = 4; lastKnownFileType = sourcecode.c.objc; path = MASViewConstraint.m; sourceTree = "<group>"; };
		4170FDC71CAA7A200038BDEE /* NSArray+MASAdditions.h */ = {isa = PBXFileReference; fileEncoding = 4; lastKnownFileType = sourcecode.c.h; path = "NSArray+MASAdditions.h"; sourceTree = "<group>"; };
		4170FDC81CAA7A200038BDEE /* NSArray+MASAdditions.m */ = {isa = PBXFileReference; fileEncoding = 4; lastKnownFileType = sourcecode.c.objc; path = "NSArray+MASAdditions.m"; sourceTree = "<group>"; };
		4170FDC91CAA7A200038BDEE /* NSArray+MASShorthandAdditions.h */ = {isa = PBXFileReference; fileEncoding = 4; lastKnownFileType = sourcecode.c.h; path = "NSArray+MASShorthandAdditions.h"; sourceTree = "<group>"; };
		4170FDCA1CAA7A200038BDEE /* NSLayoutConstraint+MASDebugAdditions.h */ = {isa = PBXFileReference; fileEncoding = 4; lastKnownFileType = sourcecode.c.h; path = "NSLayoutConstraint+MASDebugAdditions.h"; sourceTree = "<group>"; };
		4170FDCB1CAA7A200038BDEE /* NSLayoutConstraint+MASDebugAdditions.m */ = {isa = PBXFileReference; fileEncoding = 4; lastKnownFileType = sourcecode.c.objc; path = "NSLayoutConstraint+MASDebugAdditions.m"; sourceTree = "<group>"; };
		4170FDCC1CAA7A200038BDEE /* View+MASAdditions.h */ = {isa = PBXFileReference; fileEncoding = 4; lastKnownFileType = sourcecode.c.h; path = "View+MASAdditions.h"; sourceTree = "<group>"; };
		4170FDCD1CAA7A200038BDEE /* View+MASAdditions.m */ = {isa = PBXFileReference; fileEncoding = 4; lastKnownFileType = sourcecode.c.objc; path = "View+MASAdditions.m"; sourceTree = "<group>"; };
		4170FDCE1CAA7A200038BDEE /* View+MASShorthandAdditions.h */ = {isa = PBXFileReference; fileEncoding = 4; lastKnownFileType = sourcecode.c.h; path = "View+MASShorthandAdditions.h"; sourceTree = "<group>"; };
		4170FDCF1CAA7A200038BDEE /* ViewController+MASAdditions.h */ = {isa = PBXFileReference; fileEncoding = 4; lastKnownFileType = sourcecode.c.h; path = "ViewController+MASAdditions.h"; sourceTree = "<group>"; };
		4170FDD01CAA7A200038BDEE /* ViewController+MASAdditions.m */ = {isa = PBXFileReference; fileEncoding = 4; lastKnownFileType = sourcecode.c.objc; path = "ViewController+MASAdditions.m"; sourceTree = "<group>"; };
		4173D7E81CAB7D5100445EF2 /* LoginReq.h */ = {isa = PBXFileReference; fileEncoding = 4; lastKnownFileType = sourcecode.c.h; path = LoginReq.h; sourceTree = "<group>"; };
		4173D7E91CAB7D5100445EF2 /* LoginReq.m */ = {isa = PBXFileReference; fileEncoding = 4; lastKnownFileType = sourcecode.c.objc; path = LoginReq.m; sourceTree = "<group>"; };
		4173D7ED1CAB7DC100445EF2 /* BaseRequest.h */ = {isa = PBXFileReference; fileEncoding = 4; lastKnownFileType = sourcecode.c.h; path = BaseRequest.h; sourceTree = "<group>"; };
		4173D7EE1CAB7DC100445EF2 /* BaseRequest.m */ = {isa = PBXFileReference; fileEncoding = 4; lastKnownFileType = sourcecode.c.objc; path = BaseRequest.m; sourceTree = "<group>"; };
		4173D7F11CAB7DD100445EF2 /* BaseVM.h */ = {isa = PBXFileReference; fileEncoding = 4; lastKnownFileType = sourcecode.c.h; path = BaseVM.h; sourceTree = "<group>"; };
		4173D7F21CAB7DD100445EF2 /* BaseVM.m */ = {isa = PBXFileReference; fileEncoding = 4; lastKnownFileType = sourcecode.c.objc; path = BaseVM.m; sourceTree = "<group>"; };
		4173D7FA1CAB7F9600445EF2 /* LoginVM.h */ = {isa = PBXFileReference; fileEncoding = 4; lastKnownFileType = sourcecode.c.h; path = LoginVM.h; sourceTree = "<group>"; };
		4173D7FB1CAB7F9600445EF2 /* LoginVM.m */ = {isa = PBXFileReference; fileEncoding = 4; lastKnownFileType = sourcecode.c.objc; path = LoginVM.m; sourceTree = "<group>"; };
		417872CE1CA93C19002E4BFF /* Ape.app */ = {isa = PBXFileReference; explicitFileType = wrapper.application; includeInIndex = 0; path = Ape.app; sourceTree = BUILT_PRODUCTS_DIR; };
		417872D21CA93C19002E4BFF /* main.m */ = {isa = PBXFileReference; lastKnownFileType = sourcecode.c.objc; path = main.m; sourceTree = "<group>"; };
		417872D41CA93C19002E4BFF /* AppDelegate.h */ = {isa = PBXFileReference; lastKnownFileType = sourcecode.c.h; path = AppDelegate.h; sourceTree = "<group>"; };
		417872D51CA93C19002E4BFF /* AppDelegate.m */ = {isa = PBXFileReference; lastKnownFileType = sourcecode.c.objc; path = AppDelegate.m; sourceTree = "<group>"; };
		417872DB1CA93C19002E4BFF /* Base */ = {isa = PBXFileReference; lastKnownFileType = file.storyboard; name = Base; path = Base.lproj/Main.storyboard; sourceTree = "<group>"; };
		417872DD1CA93C19002E4BFF /* Assets.xcassets */ = {isa = PBXFileReference; lastKnownFileType = folder.assetcatalog; path = Assets.xcassets; sourceTree = "<group>"; };
		417872E01CA93C19002E4BFF /* Base */ = {isa = PBXFileReference; lastKnownFileType = file.storyboard; name = Base; path = Base.lproj/LaunchScreen.storyboard; sourceTree = "<group>"; };
		417872E21CA93C19002E4BFF /* Info.plist */ = {isa = PBXFileReference; lastKnownFileType = text.plist.xml; path = Info.plist; sourceTree = "<group>"; };
		417872E71CA93C19002E4BFF /* ApeTests.xctest */ = {isa = PBXFileReference; explicitFileType = wrapper.cfbundle; includeInIndex = 0; path = ApeTests.xctest; sourceTree = BUILT_PRODUCTS_DIR; };
		417872EB1CA93C19002E4BFF /* ApeTests.m */ = {isa = PBXFileReference; lastKnownFileType = sourcecode.c.objc; path = ApeTests.m; sourceTree = "<group>"; };
		417872ED1CA93C19002E4BFF /* Info.plist */ = {isa = PBXFileReference; lastKnownFileType = text.plist.xml; path = Info.plist; sourceTree = "<group>"; };
		417872F21CA93C19002E4BFF /* ApeUITests.xctest */ = {isa = PBXFileReference; explicitFileType = wrapper.cfbundle; includeInIndex = 0; path = ApeUITests.xctest; sourceTree = BUILT_PRODUCTS_DIR; };
		417872F61CA93C19002E4BFF /* ApeUITests.m */ = {isa = PBXFileReference; lastKnownFileType = sourcecode.c.objc; path = ApeUITests.m; sourceTree = "<group>"; };
		417872F81CA93C19002E4BFF /* Info.plist */ = {isa = PBXFileReference; lastKnownFileType = text.plist.xml; path = Info.plist; sourceTree = "<group>"; };
		417A0B4F1CAA42D80073AD68 /* NSDate+HDExtension.h */ = {isa = PBXFileReference; fileEncoding = 4; lastKnownFileType = sourcecode.c.h; path = "NSDate+HDExtension.h"; sourceTree = "<group>"; };
		417A0B501CAA42D80073AD68 /* NSDate+HDExtension.m */ = {isa = PBXFileReference; fileEncoding = 4; lastKnownFileType = sourcecode.c.objc; path = "NSDate+HDExtension.m"; sourceTree = "<group>"; };
		417A0B511CAA42D80073AD68 /* NSObject+Category.h */ = {isa = PBXFileReference; fileEncoding = 4; lastKnownFileType = sourcecode.c.h; path = "NSObject+Category.h"; sourceTree = "<group>"; };
		417A0B521CAA42D80073AD68 /* NSObject+Category.m */ = {isa = PBXFileReference; fileEncoding = 4; lastKnownFileType = sourcecode.c.objc; path = "NSObject+Category.m"; sourceTree = "<group>"; };
		417A0B531CAA42D80073AD68 /* NSString+Category.h */ = {isa = PBXFileReference; fileEncoding = 4; lastKnownFileType = sourcecode.c.h; path = "NSString+Category.h"; sourceTree = "<group>"; };
		417A0B541CAA42D80073AD68 /* NSString+Category.m */ = {isa = PBXFileReference; fileEncoding = 4; lastKnownFileType = sourcecode.c.objc; path = "NSString+Category.m"; sourceTree = "<group>"; };
		417A0B551CAA42D80073AD68 /* NSTimer+Category.h */ = {isa = PBXFileReference; fileEncoding = 4; lastKnownFileType = sourcecode.c.h; path = "NSTimer+Category.h"; sourceTree = "<group>"; };
		417A0B561CAA42D80073AD68 /* NSTimer+Category.m */ = {isa = PBXFileReference; fileEncoding = 4; lastKnownFileType = sourcecode.c.objc; path = "NSTimer+Category.m"; sourceTree = "<group>"; };
		417A0B571CAA42D80073AD68 /* UIActionSheet+Blocks.h */ = {isa = PBXFileReference; fileEncoding = 4; lastKnownFileType = sourcecode.c.h; path = "UIActionSheet+Blocks.h"; sourceTree = "<group>"; };
		417A0B581CAA42D80073AD68 /* UIActionSheet+Blocks.m */ = {isa = PBXFileReference; fileEncoding = 4; lastKnownFileType = sourcecode.c.objc; path = "UIActionSheet+Blocks.m"; sourceTree = "<group>"; };
		417A0B591CAA42D80073AD68 /* UIButton+Block.h */ = {isa = PBXFileReference; fileEncoding = 4; lastKnownFileType = sourcecode.c.h; path = "UIButton+Block.h"; sourceTree = "<group>"; };
		417A0B5A1CAA42D80073AD68 /* UIButton+Block.m */ = {isa = PBXFileReference; fileEncoding = 4; lastKnownFileType = sourcecode.c.objc; path = "UIButton+Block.m"; sourceTree = "<group>"; };
		417A0B5B1CAA42D80073AD68 /* UIColor+Category.h */ = {isa = PBXFileReference; fileEncoding = 4; lastKnownFileType = sourcecode.c.h; path = "UIColor+Category.h"; sourceTree = "<group>"; };
		417A0B5C1CAA42D80073AD68 /* UIColor+Category.m */ = {isa = PBXFileReference; fileEncoding = 4; lastKnownFileType = sourcecode.c.objc; path = "UIColor+Category.m"; sourceTree = "<group>"; };
		417A0B5D1CAA42D80073AD68 /* UIFont+Category.h */ = {isa = PBXFileReference; fileEncoding = 4; lastKnownFileType = sourcecode.c.h; path = "UIFont+Category.h"; sourceTree = "<group>"; };
		417A0B5E1CAA42D80073AD68 /* UIFont+Category.m */ = {isa = PBXFileReference; fileEncoding = 4; lastKnownFileType = sourcecode.c.objc; path = "UIFont+Category.m"; sourceTree = "<group>"; };
		417A0B5F1CAA42D80073AD68 /* UIImage+Extention.h */ = {isa = PBXFileReference; fileEncoding = 4; lastKnownFileType = sourcecode.c.h; path = "UIImage+Extention.h"; sourceTree = "<group>"; };
		417A0B601CAA42D80073AD68 /* UIImage+Extention.m */ = {isa = PBXFileReference; fileEncoding = 4; lastKnownFileType = sourcecode.c.objc; path = "UIImage+Extention.m"; sourceTree = "<group>"; };
		417A0B611CAA42D80073AD68 /* UIImagePickerController+Blocks.h */ = {isa = PBXFileReference; fileEncoding = 4; lastKnownFileType = sourcecode.c.h; path = "UIImagePickerController+Blocks.h"; sourceTree = "<group>"; };
		417A0B621CAA42D80073AD68 /* UIImagePickerController+Blocks.m */ = {isa = PBXFileReference; fileEncoding = 4; lastKnownFileType = sourcecode.c.objc; path = "UIImagePickerController+Blocks.m"; sourceTree = "<group>"; };
		417A0B631CAA42D80073AD68 /* UINavigationBar+ClearColor.h */ = {isa = PBXFileReference; fileEncoding = 4; lastKnownFileType = sourcecode.c.h; path = "UINavigationBar+ClearColor.h"; sourceTree = "<group>"; };
		417A0B641CAA42D80073AD68 /* UINavigationBar+ClearColor.m */ = {isa = PBXFileReference; fileEncoding = 4; lastKnownFileType = sourcecode.c.objc; path = "UINavigationBar+ClearColor.m"; sourceTree = "<group>"; };
		417A0B651CAA42D80073AD68 /* UINavigationController+Category.h */ = {isa = PBXFileReference; fileEncoding = 4; lastKnownFileType = sourcecode.c.h; path = "UINavigationController+Category.h"; sourceTree = "<group>"; };
		417A0B661CAA42D80073AD68 /* UINavigationController+Category.m */ = {isa = PBXFileReference; fileEncoding = 4; lastKnownFileType = sourcecode.c.objc; path = "UINavigationController+Category.m"; sourceTree = "<group>"; };
		417A0B671CAA42D80073AD68 /* UIView+Category.h */ = {isa = PBXFileReference; fileEncoding = 4; lastKnownFileType = sourcecode.c.h; path = "UIView+Category.h"; sourceTree = "<group>"; };
		417A0B681CAA42D80073AD68 /* UIView+Category.m */ = {isa = PBXFileReference; fileEncoding = 4; lastKnownFileType = sourcecode.c.objc; path = "UIView+Category.m"; sourceTree = "<group>"; };
		417A0B691CAA42D80073AD68 /* UIViewController+Category.h */ = {isa = PBXFileReference; fileEncoding = 4; lastKnownFileType = sourcecode.c.h; path = "UIViewController+Category.h"; sourceTree = "<group>"; };
		417A0B6A1CAA42D80073AD68 /* UIViewController+Category.m */ = {isa = PBXFileReference; fileEncoding = 4; lastKnownFileType = sourcecode.c.objc; path = "UIViewController+Category.m"; sourceTree = "<group>"; };
		417A0CE31CAA4C240073AD68 /* Hook.h */ = {isa = PBXFileReference; fileEncoding = 4; lastKnownFileType = sourcecode.c.h; path = Hook.h; sourceTree = "<group>"; };
		417A0CE41CAA4C240073AD68 /* Hook.m */ = {isa = PBXFileReference; fileEncoding = 4; lastKnownFileType = sourcecode.c.objc; path = Hook.m; sourceTree = "<group>"; };
		417A0CF11CAA4E8D0073AD68 /* Define.h */ = {isa = PBXFileReference; fileEncoding = 4; lastKnownFileType = sourcecode.c.h; path = Define.h; sourceTree = "<group>"; };
		417A0CF21CAA4E8D0073AD68 /* Define.m */ = {isa = PBXFileReference; fileEncoding = 4; lastKnownFileType = sourcecode.c.objc; path = Define.m; sourceTree = "<group>"; };
		417A0CF31CAA4E8D0073AD68 /* Util.h */ = {isa = PBXFileReference; fileEncoding = 4; lastKnownFileType = sourcecode.c.h; path = Util.h; sourceTree = "<group>"; };
		417A0CF41CAA4E8D0073AD68 /* Util.m */ = {isa = PBXFileReference; fileEncoding = 4; lastKnownFileType = sourcecode.c.objc; path = Util.m; sourceTree = "<group>"; };
		417A0CF81CAA4FB90073AD68 /* HudView.bundle */ = {isa = PBXFileReference; lastKnownFileType = "wrapper.plug-in"; path = HudView.bundle; sourceTree = "<group>"; };
		417A0CF91CAA4FB90073AD68 /* HudView.h */ = {isa = PBXFileReference; fileEncoding = 4; lastKnownFileType = sourcecode.c.h; path = HudView.h; sourceTree = "<group>"; };
		417A0CFA1CAA4FB90073AD68 /* HudView.m */ = {isa = PBXFileReference; fileEncoding = 4; lastKnownFileType = sourcecode.c.objc; path = HudView.m; sourceTree = "<group>"; };
		417A0CFF1CAA51530073AD68 /* AnimateGravity.h */ = {isa = PBXFileReference; fileEncoding = 4; lastKnownFileType = sourcecode.c.h; path = AnimateGravity.h; sourceTree = "<group>"; };
		417A0D001CAA51530073AD68 /* AnimateGravity.m */ = {isa = PBXFileReference; fileEncoding = 4; lastKnownFileType = sourcecode.c.objc; path = AnimateGravity.m; sourceTree = "<group>"; };
		417A0D011CAA51530073AD68 /* AnimatePhoto.h */ = {isa = PBXFileReference; fileEncoding = 4; lastKnownFileType = sourcecode.c.h; path = AnimatePhoto.h; sourceTree = "<group>"; };
		417A0D021CAA51530073AD68 /* AnimatePhoto.m */ = {isa = PBXFileReference; fileEncoding = 4; lastKnownFileType = sourcecode.c.objc; path = AnimatePhoto.m; sourceTree = "<group>"; };
		417A0D031CAA51530073AD68 /* AnimatePushPop.h */ = {isa = PBXFileReference; fileEncoding = 4; lastKnownFileType = sourcecode.c.h; path = AnimatePushPop.h; sourceTree = "<group>"; };
		417A0D041CAA51530073AD68 /* AnimatePushPop.m */ = {isa = PBXFileReference; fileEncoding = 4; lastKnownFileType = sourcecode.c.objc; path = AnimatePushPop.m; sourceTree = "<group>"; };
		417A0D051CAA51530073AD68 /* AnimateTest.h */ = {isa = PBXFileReference; fileEncoding = 4; lastKnownFileType = sourcecode.c.h; path = AnimateTest.h; sourceTree = "<group>"; };
		417A0D061CAA51530073AD68 /* AnimateTest.m */ = {isa = PBXFileReference; fileEncoding = 4; lastKnownFileType = sourcecode.c.objc; path = AnimateTest.m; sourceTree = "<group>"; };
		417A0D071CAA51530073AD68 /* VCAnimateBase.h */ = {isa = PBXFileReference; fileEncoding = 4; lastKnownFileType = sourcecode.c.h; path = VCAnimateBase.h; sourceTree = "<group>"; };
		417A0D081CAA51530073AD68 /* VCAnimateBase.m */ = {isa = PBXFileReference; fileEncoding = 4; lastKnownFileType = sourcecode.c.objc; path = VCAnimateBase.m; sourceTree = "<group>"; };
		417A0D091CAA51530073AD68 /* VCAnimateDefine.h */ = {isa = PBXFileReference; fileEncoding = 4; lastKnownFileType = sourcecode.c.h; path = VCAnimateDefine.h; sourceTree = "<group>"; };
		417A0D0A1CAA51530073AD68 /* VCAnimateDefine.m */ = {isa = PBXFileReference; fileEncoding = 4; lastKnownFileType = sourcecode.c.objc; path = VCAnimateDefine.m; sourceTree = "<group>"; };
		417A0D0B1CAA51530073AD68 /* VCAnimateManager.h */ = {isa = PBXFileReference; fileEncoding = 4; lastKnownFileType = sourcecode.c.h; path = VCAnimateManager.h; sourceTree = "<group>"; };
		417A0D0C1CAA51530073AD68 /* VCAnimateManager.m */ = {isa = PBXFileReference; fileEncoding = 4; lastKnownFileType = sourcecode.c.objc; path = VCAnimateManager.m; sourceTree = "<group>"; };
		417B2A091CAD4BE500D9CFD3 /* BaseVC.bundle */ = {isa = PBXFileReference; lastKnownFileType = "wrapper.plug-in"; path = BaseVC.bundle; sourceTree = "<group>"; };
		417B2A0A1CAD4BE500D9CFD3 /* BaseViewController.h */ = {isa = PBXFileReference; fileEncoding = 4; lastKnownFileType = sourcecode.c.h; path = BaseViewController.h; sourceTree = "<group>"; };
		417B2A0B1CAD4BE500D9CFD3 /* BaseViewController.m */ = {isa = PBXFileReference; fileEncoding = 4; lastKnownFileType = sourcecode.c.objc; path = BaseViewController.m; sourceTree = "<group>"; };
		417B2A0D1CAD4BE500D9CFD3 /* BusinessVC.h */ = {isa = PBXFileReference; fileEncoding = 4; lastKnownFileType = sourcecode.c.h; path = BusinessVC.h; sourceTree = "<group>"; };
		417B2A0E1CAD4BE500D9CFD3 /* BusinessVC.m */ = {isa = PBXFileReference; fileEncoding = 4; lastKnownFileType = sourcecode.c.objc; path = BusinessVC.m; sourceTree = "<group>"; };
		417B2A101CAD4BE500D9CFD3 /* FindVC.h */ = {isa = PBXFileReference; fileEncoding = 4; lastKnownFileType = sourcecode.c.h; path = FindVC.h; sourceTree = "<group>"; };
		417B2A111CAD4BE500D9CFD3 /* FindVC.m */ = {isa = PBXFileReference; fileEncoding = 4; lastKnownFileType = sourcecode.c.objc; path = FindVC.m; sourceTree = "<group>"; };
		417B2A131CAD4BE500D9CFD3 /* HomeVC.h */ = {isa = PBXFileReference; fileEncoding = 4; lastKnownFileType = sourcecode.c.h; path = HomeVC.h; sourceTree = "<group>"; };
		417B2A141CAD4BE500D9CFD3 /* HomeVC.m */ = {isa = PBXFileReference; fileEncoding = 4; lastKnownFileType = sourcecode.c.objc; path = HomeVC.m; sourceTree = "<group>"; };
		417B2A161CAD4BE500D9CFD3 /* RegisterVC.h */ = {isa = PBXFileReference; fileEncoding = 4; lastKnownFileType = sourcecode.c.h; path = RegisterVC.h; sourceTree = "<group>"; };
		417B2A171CAD4BE500D9CFD3 /* RegisterVC.m */ = {isa = PBXFileReference; fileEncoding = 4; lastKnownFileType = sourcecode.c.objc; path = RegisterVC.m; sourceTree = "<group>"; };
		417B2A181CAD4BE500D9CFD3 /* RegisterVC.xib */ = {isa = PBXFileReference; fileEncoding = 4; lastKnownFileType = file.xib; path = RegisterVC.xib; sourceTree = "<group>"; };
		417B2A191CAD4BE500D9CFD3 /* SetGestureCodeVC.h */ = {isa = PBXFileReference; fileEncoding = 4; lastKnownFileType = sourcecode.c.h; path = SetGestureCodeVC.h; sourceTree = "<group>"; };
		417B2A1A1CAD4BE500D9CFD3 /* SetGestureCodeVC.m */ = {isa = PBXFileReference; fileEncoding = 4; lastKnownFileType = sourcecode.c.objc; path = SetGestureCodeVC.m; sourceTree = "<group>"; };
		417B2A1B1CAD4BE500D9CFD3 /* ZYTextField.h */ = {isa = PBXFileReference; fileEncoding = 4; lastKnownFileType = sourcecode.c.h; path = ZYTextField.h; sourceTree = "<group>"; };
		417B2A1C1CAD4BE500D9CFD3 /* ZYTextField.m */ = {isa = PBXFileReference; fileEncoding = 4; lastKnownFileType = sourcecode.c.objc; path = ZYTextField.m; sourceTree = "<group>"; };
		417B2A201CAD4BE500D9CFD3 /* FavoritesVC.h */ = {isa = PBXFileReference; fileEncoding = 4; lastKnownFileType = sourcecode.c.h; path = FavoritesVC.h; sourceTree = "<group>"; };
		417B2A211CAD4BE500D9CFD3 /* FavoritesVC.m */ = {isa = PBXFileReference; fileEncoding = 4; lastKnownFileType = sourcecode.c.objc; path = FavoritesVC.m; sourceTree = "<group>"; };
		417B2A221CAD4BE500D9CFD3 /* MineCell.h */ = {isa = PBXFileReference; fileEncoding = 4; lastKnownFileType = sourcecode.c.h; path = MineCell.h; sourceTree = "<group>"; };
		417B2A231CAD4BE500D9CFD3 /* MineCell.m */ = {isa = PBXFileReference; fileEncoding = 4; lastKnownFileType = sourcecode.c.objc; path = MineCell.m; sourceTree = "<group>"; };
		417B2A241CAD4BE500D9CFD3 /* MineCell.xib */ = {isa = PBXFileReference; fileEncoding = 4; lastKnownFileType = file.xib; path = MineCell.xib; sourceTree = "<group>"; };
		417B2A251CAD4BE500D9CFD3 /* MineVC.h */ = {isa = PBXFileReference; fileEncoding = 4; lastKnownFileType = sourcecode.c.h; path = MineVC.h; sourceTree = "<group>"; };
		417B2A261CAD4BE500D9CFD3 /* MineVC.m */ = {isa = PBXFileReference; fileEncoding = 4; lastKnownFileType = sourcecode.c.objc; path = MineVC.m; sourceTree = "<group>"; };
		42E1366A2619C55CB0A855F1 /* libPods.a */ = {isa = PBXFileReference; explicitFileType = archive.ar; includeInIndex = 0; path = libPods.a; sourceTree = BUILT_PRODUCTS_DIR; };
		C0F0C3142401FBE729A0F517 /* Pods.debug.xcconfig */ = {isa = PBXFileReference; includeInIndex = 1; lastKnownFileType = text.xcconfig; name = Pods.debug.xcconfig; path = "Pods/Target Support Files/Pods/Pods.debug.xcconfig"; sourceTree = "<group>"; };
/* End PBXFileReference section */

/* Begin PBXFrameworksBuildPhase section */
		417872CB1CA93C19002E4BFF /* Frameworks */ = {
			isa = PBXFrameworksBuildPhase;
			buildActionMask = 2147483647;
			files = (
				9B6FE50240853D7B0F9BC568 /* libPods.a in Frameworks */,
			);
			runOnlyForDeploymentPostprocessing = 0;
		};
		417872E41CA93C19002E4BFF /* Frameworks */ = {
			isa = PBXFrameworksBuildPhase;
			buildActionMask = 2147483647;
			files = (
			);
			runOnlyForDeploymentPostprocessing = 0;
		};
		417872EF1CA93C19002E4BFF /* Frameworks */ = {
			isa = PBXFrameworksBuildPhase;
			buildActionMask = 2147483647;
			files = (
			);
			runOnlyForDeploymentPostprocessing = 0;
		};
/* End PBXFrameworksBuildPhase section */

/* Begin PBXGroup section */
		4170FDB71CAA7A200038BDEE /* Masonry */ = {
			isa = PBXGroup;
			children = (
				4170FDB81CAA7A200038BDEE /* MASCompositeConstraint.h */,
				4170FDB91CAA7A200038BDEE /* MASCompositeConstraint.m */,
				4170FDBA1CAA7A200038BDEE /* MASConstraint+Private.h */,
				4170FDBB1CAA7A200038BDEE /* MASConstraint.h */,
				4170FDBC1CAA7A200038BDEE /* MASConstraint.m */,
				4170FDBD1CAA7A200038BDEE /* MASConstraintMaker.h */,
				4170FDBE1CAA7A200038BDEE /* MASConstraintMaker.m */,
				4170FDBF1CAA7A200038BDEE /* MASLayoutConstraint.h */,
				4170FDC01CAA7A200038BDEE /* MASLayoutConstraint.m */,
				4170FDC11CAA7A200038BDEE /* Masonry.h */,
				4170FDC21CAA7A200038BDEE /* MASUtilities.h */,
				4170FDC31CAA7A200038BDEE /* MASViewAttribute.h */,
				4170FDC41CAA7A200038BDEE /* MASViewAttribute.m */,
				4170FDC51CAA7A200038BDEE /* MASViewConstraint.h */,
				4170FDC61CAA7A200038BDEE /* MASViewConstraint.m */,
				4170FDC71CAA7A200038BDEE /* NSArray+MASAdditions.h */,
				4170FDC81CAA7A200038BDEE /* NSArray+MASAdditions.m */,
				4170FDC91CAA7A200038BDEE /* NSArray+MASShorthandAdditions.h */,
				4170FDCA1CAA7A200038BDEE /* NSLayoutConstraint+MASDebugAdditions.h */,
				4170FDCB1CAA7A200038BDEE /* NSLayoutConstraint+MASDebugAdditions.m */,
				4170FDCC1CAA7A200038BDEE /* View+MASAdditions.h */,
				4170FDCD1CAA7A200038BDEE /* View+MASAdditions.m */,
				4170FDCE1CAA7A200038BDEE /* View+MASShorthandAdditions.h */,
				4170FDCF1CAA7A200038BDEE /* ViewController+MASAdditions.h */,
				4170FDD01CAA7A200038BDEE /* ViewController+MASAdditions.m */,
			);
			path = Masonry;
			sourceTree = "<group>";
		};
		4173D7E71CAB7D4000445EF2 /* Login */ = {
			isa = PBXGroup;
			children = (
				4173D7E81CAB7D5100445EF2 /* LoginReq.h */,
				4173D7E91CAB7D5100445EF2 /* LoginReq.m */,
			);
			path = Login;
			sourceTree = "<group>";
		};
		4173D7EB1CAB7D9700445EF2 /* Login */ = {
			isa = PBXGroup;
			children = (
				4173D7FA1CAB7F9600445EF2 /* LoginVM.h */,
				4173D7FB1CAB7F9600445EF2 /* LoginVM.m */,
			);
			path = Login;
			sourceTree = "<group>";
		};
		4173D7EC1CAB7DC100445EF2 /* Base */ = {
			isa = PBXGroup;
			children = (
				4173D7ED1CAB7DC100445EF2 /* BaseRequest.h */,
				4173D7EE1CAB7DC100445EF2 /* BaseRequest.m */,
			);
			path = Base;
			sourceTree = "<group>";
		};
		4173D7F01CAB7DD100445EF2 /* Base */ = {
			isa = PBXGroup;
			children = (
				4173D7F11CAB7DD100445EF2 /* BaseVM.h */,
				4173D7F21CAB7DD100445EF2 /* BaseVM.m */,
			);
			path = Base;
			sourceTree = "<group>";
		};
		417872C51CA93C19002E4BFF = {
			isa = PBXGroup;
			children = (
				417872D01CA93C19002E4BFF /* Ape */,
				417872EA1CA93C19002E4BFF /* ApeTests */,
				417872F51CA93C19002E4BFF /* ApeUITests */,
				417872CF1CA93C19002E4BFF /* Products */,
				F4A42A488D6CEB60EA007288 /* Pods */,
				E8B8F7552087C0052D2AA061 /* Frameworks */,
			);
			sourceTree = "<group>";
		};
		417872CF1CA93C19002E4BFF /* Products */ = {
			isa = PBXGroup;
			children = (
				417872CE1CA93C19002E4BFF /* Ape.app */,
				417872E71CA93C19002E4BFF /* ApeTests.xctest */,
				417872F21CA93C19002E4BFF /* ApeUITests.xctest */,
			);
			name = Products;
			sourceTree = "<group>";
		};
		417872D01CA93C19002E4BFF /* Ape */ = {
			isa = PBXGroup;
			children = (
				417872D41CA93C19002E4BFF /* AppDelegate.h */,
				417872D51CA93C19002E4BFF /* AppDelegate.m */,
				417872DA1CA93C19002E4BFF /* Main.storyboard */,
				417872DD1CA93C19002E4BFF /* Assets.xcassets */,
				417872DF1CA93C19002E4BFF /* LaunchScreen.storyboard */,
				417872E21CA93C19002E4BFF /* Info.plist */,
				417A0CE11CAA4C240073AD68 /* Component */,
				417A0B4E1CAA42D80073AD68 /* Category */,
				417A0CDF1CAA44A50073AD68 /* Model */,
				417A0D1E1CAA52720073AD68 /* Request */,
				417A0CE61CAA4CAD0073AD68 /* ViewModel */,
				417B2A071CAD4BE500D9CFD3 /* Class */,
				417872D11CA93C19002E4BFF /* Supporting Files */,
			);
			path = Ape;
			sourceTree = "<group>";
		};
		417872D11CA93C19002E4BFF /* Supporting Files */ = {
			isa = PBXGroup;
			children = (
				417872D21CA93C19002E4BFF /* main.m */,
			);
			name = "Supporting Files";
			sourceTree = "<group>";
		};
		417872EA1CA93C19002E4BFF /* ApeTests */ = {
			isa = PBXGroup;
			children = (
				417872EB1CA93C19002E4BFF /* ApeTests.m */,
				417872ED1CA93C19002E4BFF /* Info.plist */,
			);
			path = ApeTests;
			sourceTree = "<group>";
		};
		417872F51CA93C19002E4BFF /* ApeUITests */ = {
			isa = PBXGroup;
			children = (
				417872F61CA93C19002E4BFF /* ApeUITests.m */,
				417872F81CA93C19002E4BFF /* Info.plist */,
			);
			path = ApeUITests;
			sourceTree = "<group>";
		};
		417A0B4E1CAA42D80073AD68 /* Category */ = {
			isa = PBXGroup;
			children = (
				417A0B4F1CAA42D80073AD68 /* NSDate+HDExtension.h */,
				417A0B501CAA42D80073AD68 /* NSDate+HDExtension.m */,
				417A0B511CAA42D80073AD68 /* NSObject+Category.h */,
				417A0B521CAA42D80073AD68 /* NSObject+Category.m */,
				417A0B531CAA42D80073AD68 /* NSString+Category.h */,
				417A0B541CAA42D80073AD68 /* NSString+Category.m */,
				417A0B551CAA42D80073AD68 /* NSTimer+Category.h */,
				417A0B561CAA42D80073AD68 /* NSTimer+Category.m */,
				417A0B571CAA42D80073AD68 /* UIActionSheet+Blocks.h */,
				417A0B581CAA42D80073AD68 /* UIActionSheet+Blocks.m */,
				417A0B591CAA42D80073AD68 /* UIButton+Block.h */,
				417A0B5A1CAA42D80073AD68 /* UIButton+Block.m */,
				417A0B5B1CAA42D80073AD68 /* UIColor+Category.h */,
				417A0B5C1CAA42D80073AD68 /* UIColor+Category.m */,
				417A0B5D1CAA42D80073AD68 /* UIFont+Category.h */,
				417A0B5E1CAA42D80073AD68 /* UIFont+Category.m */,
				417A0B5F1CAA42D80073AD68 /* UIImage+Extention.h */,
				417A0B601CAA42D80073AD68 /* UIImage+Extention.m */,
				417A0B611CAA42D80073AD68 /* UIImagePickerController+Blocks.h */,
				417A0B621CAA42D80073AD68 /* UIImagePickerController+Blocks.m */,
				417A0B631CAA42D80073AD68 /* UINavigationBar+ClearColor.h */,
				417A0B641CAA42D80073AD68 /* UINavigationBar+ClearColor.m */,
				417A0B651CAA42D80073AD68 /* UINavigationController+Category.h */,
				417A0B661CAA42D80073AD68 /* UINavigationController+Category.m */,
				417A0B671CAA42D80073AD68 /* UIView+Category.h */,
				417A0B681CAA42D80073AD68 /* UIView+Category.m */,
				417A0B691CAA42D80073AD68 /* UIViewController+Category.h */,
				417A0B6A1CAA42D80073AD68 /* UIViewController+Category.m */,
			);
			path = Category;
			sourceTree = "<group>";
		};
		417A0CDF1CAA44A50073AD68 /* Model */ = {
			isa = PBXGroup;
			children = (
			);
			path = Model;
			sourceTree = "<group>";
		};
		417A0CE11CAA4C240073AD68 /* Component */ = {
			isa = PBXGroup;
			children = (
				4170FDB71CAA7A200038BDEE /* Masonry */,
				417A0CFD1CAA51530073AD68 /* Animate */,
				417A0CF01CAA4E8D0073AD68 /* Util */,
				417A0CF71CAA4FB90073AD68 /* HudView */,
				417A0CE21CAA4C240073AD68 /* Hook */,
			);
			path = Component;
			sourceTree = "<group>";
		};
		417A0CE21CAA4C240073AD68 /* Hook */ = {
			isa = PBXGroup;
			children = (
				417A0CE31CAA4C240073AD68 /* Hook.h */,
				417A0CE41CAA4C240073AD68 /* Hook.m */,
			);
			path = Hook;
			sourceTree = "<group>";
		};
		417A0CE61CAA4CAD0073AD68 /* ViewModel */ = {
			isa = PBXGroup;
			children = (
				4173D7EB1CAB7D9700445EF2 /* Login */,
				4173D7F01CAB7DD100445EF2 /* Base */,
			);
			path = ViewModel;
			sourceTree = "<group>";
		};
		417A0CF01CAA4E8D0073AD68 /* Util */ = {
			isa = PBXGroup;
			children = (
				417A0CF11CAA4E8D0073AD68 /* Define.h */,
				417A0CF21CAA4E8D0073AD68 /* Define.m */,
				417A0CF31CAA4E8D0073AD68 /* Util.h */,
				417A0CF41CAA4E8D0073AD68 /* Util.m */,
			);
			path = Util;
			sourceTree = "<group>";
		};
		417A0CF71CAA4FB90073AD68 /* HudView */ = {
			isa = PBXGroup;
			children = (
				417A0CF81CAA4FB90073AD68 /* HudView.bundle */,
				417A0CF91CAA4FB90073AD68 /* HudView.h */,
				417A0CFA1CAA4FB90073AD68 /* HudView.m */,
			);
			path = HudView;
			sourceTree = "<group>";
		};
		417A0CFD1CAA51530073AD68 /* Animate */ = {
			isa = PBXGroup;
			children = (
				417A0CFE1CAA51530073AD68 /* Custom */,
				417A0D071CAA51530073AD68 /* VCAnimateBase.h */,
				417A0D081CAA51530073AD68 /* VCAnimateBase.m */,
				417A0D091CAA51530073AD68 /* VCAnimateDefine.h */,
				417A0D0A1CAA51530073AD68 /* VCAnimateDefine.m */,
				417A0D0B1CAA51530073AD68 /* VCAnimateManager.h */,
				417A0D0C1CAA51530073AD68 /* VCAnimateManager.m */,
			);
			path = Animate;
			sourceTree = "<group>";
		};
		417A0CFE1CAA51530073AD68 /* Custom */ = {
			isa = PBXGroup;
			children = (
				417A0CFF1CAA51530073AD68 /* AnimateGravity.h */,
				417A0D001CAA51530073AD68 /* AnimateGravity.m */,
				417A0D011CAA51530073AD68 /* AnimatePhoto.h */,
				417A0D021CAA51530073AD68 /* AnimatePhoto.m */,
				417A0D031CAA51530073AD68 /* AnimatePushPop.h */,
				417A0D041CAA51530073AD68 /* AnimatePushPop.m */,
				417A0D051CAA51530073AD68 /* AnimateTest.h */,
				417A0D061CAA51530073AD68 /* AnimateTest.m */,
			);
			path = Custom;
			sourceTree = "<group>";
		};
		417A0D1E1CAA52720073AD68 /* Request */ = {
			isa = PBXGroup;
			children = (
				4173D7E71CAB7D4000445EF2 /* Login */,
				4173D7EC1CAB7DC100445EF2 /* Base */,
			);
			path = Request;
			sourceTree = "<group>";
		};
		417B2A071CAD4BE500D9CFD3 /* Class */ = {
			isa = PBXGroup;
			children = (
				417B2A081CAD4BE500D9CFD3 /* Base */,
				417B2A151CAD4BE500D9CFD3 /* Login */,
				417B2A121CAD4BE500D9CFD3 /* Home */,
				417B2A0F1CAD4BE500D9CFD3 /* Find */,
				417B2A0C1CAD4BE500D9CFD3 /* Business */,
				417B2A1D1CAD4BE500D9CFD3 /* Mine */,
			);
			path = Class;
			sourceTree = "<group>";
		};
		417B2A081CAD4BE500D9CFD3 /* Base */ = {
			isa = PBXGroup;
			children = (
				417B2A091CAD4BE500D9CFD3 /* BaseVC.bundle */,
				417B2A0A1CAD4BE500D9CFD3 /* BaseViewController.h */,
				417B2A0B1CAD4BE500D9CFD3 /* BaseViewController.m */,
			);
			path = Base;
			sourceTree = "<group>";
		};
		417B2A0C1CAD4BE500D9CFD3 /* Business */ = {
			isa = PBXGroup;
			children = (
				417B2A0D1CAD4BE500D9CFD3 /* BusinessVC.h */,
				417B2A0E1CAD4BE500D9CFD3 /* BusinessVC.m */,
			);
			path = Business;
			sourceTree = "<group>";
		};
		417B2A0F1CAD4BE500D9CFD3 /* Find */ = {
			isa = PBXGroup;
			children = (
				417B2A101CAD4BE500D9CFD3 /* FindVC.h */,
				417B2A111CAD4BE500D9CFD3 /* FindVC.m */,
			);
			path = Find;
			sourceTree = "<group>";
		};
		417B2A121CAD4BE500D9CFD3 /* Home */ = {
			isa = PBXGroup;
			children = (
				417B2A131CAD4BE500D9CFD3 /* HomeVC.h */,
				417B2A141CAD4BE500D9CFD3 /* HomeVC.m */,
			);
			path = Home;
			sourceTree = "<group>";
		};
		417B2A151CAD4BE500D9CFD3 /* Login */ = {
			isa = PBXGroup;
			children = (
				417B2A161CAD4BE500D9CFD3 /* RegisterVC.h */,
				417B2A171CAD4BE500D9CFD3 /* RegisterVC.m */,
				417B2A181CAD4BE500D9CFD3 /* RegisterVC.xib */,
				417B2A191CAD4BE500D9CFD3 /* SetGestureCodeVC.h */,
				417B2A1A1CAD4BE500D9CFD3 /* SetGestureCodeVC.m */,
				417B2A1B1CAD4BE500D9CFD3 /* ZYTextField.h */,
				417B2A1C1CAD4BE500D9CFD3 /* ZYTextField.m */,
			);
			path = Login;
			sourceTree = "<group>";
		};
		417B2A1D1CAD4BE500D9CFD3 /* Mine */ = {
			isa = PBXGroup;
			children = (
				417B2A221CAD4BE500D9CFD3 /* MineCell.h */,
				417B2A231CAD4BE500D9CFD3 /* MineCell.m */,
				417B2A241CAD4BE500D9CFD3 /* MineCell.xib */,
				417B2A251CAD4BE500D9CFD3 /* MineVC.h */,
				417B2A261CAD4BE500D9CFD3 /* MineVC.m */,
				417B2A1E1CAD4BE500D9CFD3 /* Favorites */,
			);
			path = Mine;
			sourceTree = "<group>";
		};
		417B2A1E1CAD4BE500D9CFD3 /* Favorites */ = {
			isa = PBXGroup;
			children = (
				417B2A201CAD4BE500D9CFD3 /* FavoritesVC.h */,
				417B2A211CAD4BE500D9CFD3 /* FavoritesVC.m */,
			);
			path = Favorites;
			sourceTree = "<group>";
		};
		E8B8F7552087C0052D2AA061 /* Frameworks */ = {
			isa = PBXGroup;
			children = (
				42E1366A2619C55CB0A855F1 /* libPods.a */,
			);
			name = Frameworks;
			sourceTree = "<group>";
		};
		F4A42A488D6CEB60EA007288 /* Pods */ = {
			isa = PBXGroup;
			children = (
				C0F0C3142401FBE729A0F517 /* Pods.debug.xcconfig */,
				205A26B5FDF3C356168ADB86 /* Pods.release.xcconfig */,
			);
			name = Pods;
			sourceTree = "<group>";
		};
/* End PBXGroup section */

/* Begin PBXNativeTarget section */
		417872CD1CA93C19002E4BFF /* Ape */ = {
			isa = PBXNativeTarget;
			buildConfigurationList = 417872FB1CA93C19002E4BFF /* Build configuration list for PBXNativeTarget "Ape" */;
			buildPhases = (
				813E75AB1130E64941FCBA0C /* Check Pods Manifest.lock */,
				417872CA1CA93C19002E4BFF /* Sources */,
				417872CB1CA93C19002E4BFF /* Frameworks */,
				417872CC1CA93C19002E4BFF /* Resources */,
				7680CF0CBEBA3B6E45595241 /* Embed Pods Frameworks */,
				33FEC0C1C01913C55A67816E /* Copy Pods Resources */,
			);
			buildRules = (
			);
			dependencies = (
			);
			name = Ape;
			productName = Ape;
			productReference = 417872CE1CA93C19002E4BFF /* Ape.app */;
			productType = "com.apple.product-type.application";
		};
		417872E61CA93C19002E4BFF /* ApeTests */ = {
			isa = PBXNativeTarget;
			buildConfigurationList = 417872FE1CA93C19002E4BFF /* Build configuration list for PBXNativeTarget "ApeTests" */;
			buildPhases = (
				417872E31CA93C19002E4BFF /* Sources */,
				417872E41CA93C19002E4BFF /* Frameworks */,
				417872E51CA93C19002E4BFF /* Resources */,
			);
			buildRules = (
			);
			dependencies = (
				417872E91CA93C19002E4BFF /* PBXTargetDependency */,
			);
			name = ApeTests;
			productName = ApeTests;
			productReference = 417872E71CA93C19002E4BFF /* ApeTests.xctest */;
			productType = "com.apple.product-type.bundle.unit-test";
		};
		417872F11CA93C19002E4BFF /* ApeUITests */ = {
			isa = PBXNativeTarget;
			buildConfigurationList = 417873011CA93C19002E4BFF /* Build configuration list for PBXNativeTarget "ApeUITests" */;
			buildPhases = (
				417872EE1CA93C19002E4BFF /* Sources */,
				417872EF1CA93C19002E4BFF /* Frameworks */,
				417872F01CA93C19002E4BFF /* Resources */,
			);
			buildRules = (
			);
			dependencies = (
				417872F41CA93C19002E4BFF /* PBXTargetDependency */,
			);
			name = ApeUITests;
			productName = ApeUITests;
			productReference = 417872F21CA93C19002E4BFF /* ApeUITests.xctest */;
			productType = "com.apple.product-type.bundle.ui-testing";
		};
/* End PBXNativeTarget section */

/* Begin PBXProject section */
		417872C61CA93C19002E4BFF /* Project object */ = {
			isa = PBXProject;
			attributes = {
				LastUpgradeCheck = 0720;
				ORGANIZATIONNAME = Geminy;
				TargetAttributes = {
					417872CD1CA93C19002E4BFF = {
						CreatedOnToolsVersion = 7.2.1;
					};
					417872E61CA93C19002E4BFF = {
						CreatedOnToolsVersion = 7.2.1;
						TestTargetID = 417872CD1CA93C19002E4BFF;
					};
					417872F11CA93C19002E4BFF = {
						CreatedOnToolsVersion = 7.2.1;
						TestTargetID = 417872CD1CA93C19002E4BFF;
					};
				};
			};
			buildConfigurationList = 417872C91CA93C19002E4BFF /* Build configuration list for PBXProject "Ape" */;
			compatibilityVersion = "Xcode 3.2";
			developmentRegion = English;
			hasScannedForEncodings = 0;
			knownRegions = (
				en,
				Base,
				"zh-Hans",
			);
			mainGroup = 417872C51CA93C19002E4BFF;
			productRefGroup = 417872CF1CA93C19002E4BFF /* Products */;
			projectDirPath = "";
			projectRoot = "";
			targets = (
				417872CD1CA93C19002E4BFF /* Ape */,
				417872E61CA93C19002E4BFF /* ApeTests */,
				417872F11CA93C19002E4BFF /* ApeUITests */,
			);
		};
/* End PBXProject section */

/* Begin PBXResourcesBuildPhase section */
		417872CC1CA93C19002E4BFF /* Resources */ = {
			isa = PBXResourcesBuildPhase;
			buildActionMask = 2147483647;
			files = (
				417B2A271CAD4BE500D9CFD3 /* BaseVC.bundle in Resources */,
				417872E11CA93C19002E4BFF /* LaunchScreen.storyboard in Resources */,
				417872DE1CA93C19002E4BFF /* Assets.xcassets in Resources */,
				417B2A2D1CAD4BE500D9CFD3 /* RegisterVC.xib in Resources */,
				417A0CFB1CAA4FB90073AD68 /* HudView.bundle in Resources */,
				417B2A331CAD4BE500D9CFD3 /* MineCell.xib in Resources */,
				417872DC1CA93C19002E4BFF /* Main.storyboard in Resources */,
			);
			runOnlyForDeploymentPostprocessing = 0;
		};
		417872E51CA93C19002E4BFF /* Resources */ = {
			isa = PBXResourcesBuildPhase;
			buildActionMask = 2147483647;
			files = (
			);
			runOnlyForDeploymentPostprocessing = 0;
		};
		417872F01CA93C19002E4BFF /* Resources */ = {
			isa = PBXResourcesBuildPhase;
			buildActionMask = 2147483647;
			files = (
			);
			runOnlyForDeploymentPostprocessing = 0;
		};
/* End PBXResourcesBuildPhase section */

/* Begin PBXShellScriptBuildPhase section */
		33FEC0C1C01913C55A67816E /* Copy Pods Resources */ = {
			isa = PBXShellScriptBuildPhase;
			buildActionMask = 2147483647;
			files = (
			);
			inputPaths = (
			);
			name = "Copy Pods Resources";
			outputPaths = (
			);
			runOnlyForDeploymentPostprocessing = 0;
			shellPath = /bin/sh;
			shellScript = "\"${SRCROOT}/Pods/Target Support Files/Pods/Pods-resources.sh\"\n";
			showEnvVarsInLog = 0;
		};
		7680CF0CBEBA3B6E45595241 /* Embed Pods Frameworks */ = {
			isa = PBXShellScriptBuildPhase;
			buildActionMask = 2147483647;
			files = (
			);
			inputPaths = (
			);
			name = "Embed Pods Frameworks";
			outputPaths = (
			);
			runOnlyForDeploymentPostprocessing = 0;
			shellPath = /bin/sh;
			shellScript = "\"${SRCROOT}/Pods/Target Support Files/Pods/Pods-frameworks.sh\"\n";
			showEnvVarsInLog = 0;
		};
		813E75AB1130E64941FCBA0C /* Check Pods Manifest.lock */ = {
			isa = PBXShellScriptBuildPhase;
			buildActionMask = 2147483647;
			files = (
			);
			inputPaths = (
			);
			name = "Check Pods Manifest.lock";
			outputPaths = (
			);
			runOnlyForDeploymentPostprocessing = 0;
			shellPath = /bin/sh;
			shellScript = "diff \"${PODS_ROOT}/../Podfile.lock\" \"${PODS_ROOT}/Manifest.lock\" > /dev/null\nif [[ $? != 0 ]] ; then\n    cat << EOM\nerror: The sandbox is not in sync with the Podfile.lock. Run 'pod install' or update your CocoaPods installation.\nEOM\n    exit 1\nfi\n";
			showEnvVarsInLog = 0;
		};
/* End PBXShellScriptBuildPhase section */

/* Begin PBXSourcesBuildPhase section */
		417872CA1CA93C19002E4BFF /* Sources */ = {
			isa = PBXSourcesBuildPhase;
			buildActionMask = 2147483647;
			files = (
				417A0B6E1CAA42D80073AD68 /* NSTimer+Category.m in Sources */,
				4173D7FC1CAB7F9600445EF2 /* LoginVM.m in Sources */,
				417A0D0E1CAA51530073AD68 /* AnimatePhoto.m in Sources */,
				417B2A2B1CAD4BE500D9CFD3 /* HomeVC.m in Sources */,
				4170FDD71CAA7A200038BDEE /* NSArray+MASAdditions.m in Sources */,
				4170FDD91CAA7A200038BDEE /* View+MASAdditions.m in Sources */,
				417872D61CA93C19002E4BFF /* AppDelegate.m in Sources */,
				4170FDD61CAA7A200038BDEE /* MASViewConstraint.m in Sources */,
				417B2A321CAD4BE500D9CFD3 /* MineCell.m in Sources */,
				417B2A341CAD4BE500D9CFD3 /* MineVC.m in Sources */,
				417A0B6F1CAA42D80073AD68 /* UIActionSheet+Blocks.m in Sources */,
				417A0B781CAA42D90073AD68 /* UIViewController+Category.m in Sources */,
				417A0CF61CAA4E8D0073AD68 /* Util.m in Sources */,
				417A0D101CAA51530073AD68 /* AnimateTest.m in Sources */,
				417A0CFC1CAA4FB90073AD68 /* HudView.m in Sources */,
				417A0B6C1CAA42D80073AD68 /* NSObject+Category.m in Sources */,
				417A0B6B1CAA42D80073AD68 /* NSDate+HDExtension.m in Sources */,
				4173D7EA1CAB7D5100445EF2 /* LoginReq.m in Sources */,
				417A0D121CAA51530073AD68 /* VCAnimateDefine.m in Sources */,
				417A0B761CAA42D90073AD68 /* UINavigationController+Category.m in Sources */,
				417A0B721CAA42D90073AD68 /* UIFont+Category.m in Sources */,
				417A0B701CAA42D80073AD68 /* UIButton+Block.m in Sources */,
				417B2A281CAD4BE500D9CFD3 /* BaseViewController.m in Sources */,
				4170FDD51CAA7A200038BDEE /* MASViewAttribute.m in Sources */,
				417B2A2A1CAD4BE500D9CFD3 /* FindVC.m in Sources */,
				4170FDD41CAA7A200038BDEE /* MASLayoutConstraint.m in Sources */,
				4170FDD11CAA7A200038BDEE /* MASCompositeConstraint.m in Sources */,
				417A0B771CAA42D90073AD68 /* UIView+Category.m in Sources */,
				417A0D0D1CAA51530073AD68 /* AnimateGravity.m in Sources */,
				4170FDD81CAA7A200038BDEE /* NSLayoutConstraint+MASDebugAdditions.m in Sources */,
				417A0B731CAA42D90073AD68 /* UIImage+Extention.m in Sources */,
				417A0D0F1CAA51530073AD68 /* AnimatePushPop.m in Sources */,
				4170FDD31CAA7A200038BDEE /* MASConstraintMaker.m in Sources */,
				417A0B751CAA42D90073AD68 /* UINavigationBar+ClearColor.m in Sources */,
				417A0CF51CAA4E8D0073AD68 /* Define.m in Sources */,
				4173D7EF1CAB7DC100445EF2 /* BaseRequest.m in Sources */,
				417B2A311CAD4BE500D9CFD3 /* FavoritesVC.m in Sources */,
				4170FDDA1CAA7A200038BDEE /* ViewController+MASAdditions.m in Sources */,
				417B2A2C1CAD4BE500D9CFD3 /* RegisterVC.m in Sources */,
				417B2A2F1CAD4BE500D9CFD3 /* ZYTextField.m in Sources */,
				417872D31CA93C19002E4BFF /* main.m in Sources */,
				417A0D111CAA51530073AD68 /* VCAnimateBase.m in Sources */,
				417A0CE51CAA4C240073AD68 /* Hook.m in Sources */,
				4173D7F31CAB7DD100445EF2 /* BaseVM.m in Sources */,
				417B2A291CAD4BE500D9CFD3 /* BusinessVC.m in Sources */,
				417A0B6D1CAA42D80073AD68 /* NSString+Category.m in Sources */,
				417B2A2E1CAD4BE500D9CFD3 /* SetGestureCodeVC.m in Sources */,
				417A0B741CAA42D90073AD68 /* UIImagePickerController+Blocks.m in Sources */,
				417A0D131CAA51530073AD68 /* VCAnimateManager.m in Sources */,
				4170FDD21CAA7A200038BDEE /* MASConstraint.m in Sources */,
				417A0B711CAA42D90073AD68 /* UIColor+Category.m in Sources */,
			);
			runOnlyForDeploymentPostprocessing = 0;
		};
		417872E31CA93C19002E4BFF /* Sources */ = {
			isa = PBXSourcesBuildPhase;
			buildActionMask = 2147483647;
			files = (
				417872EC1CA93C19002E4BFF /* ApeTests.m in Sources */,
			);
			runOnlyForDeploymentPostprocessing = 0;
		};
		417872EE1CA93C19002E4BFF /* Sources */ = {
			isa = PBXSourcesBuildPhase;
			buildActionMask = 2147483647;
			files = (
				417872F71CA93C19002E4BFF /* ApeUITests.m in Sources */,
			);
			runOnlyForDeploymentPostprocessing = 0;
		};
/* End PBXSourcesBuildPhase section */

/* Begin PBXTargetDependency section */
		417872E91CA93C19002E4BFF /* PBXTargetDependency */ = {
			isa = PBXTargetDependency;
			target = 417872CD1CA93C19002E4BFF /* Ape */;
			targetProxy = 417872E81CA93C19002E4BFF /* PBXContainerItemProxy */;
		};
		417872F41CA93C19002E4BFF /* PBXTargetDependency */ = {
			isa = PBXTargetDependency;
			target = 417872CD1CA93C19002E4BFF /* Ape */;
			targetProxy = 417872F31CA93C19002E4BFF /* PBXContainerItemProxy */;
		};
/* End PBXTargetDependency section */

/* Begin PBXVariantGroup section */
		417872DA1CA93C19002E4BFF /* Main.storyboard */ = {
			isa = PBXVariantGroup;
			children = (
				417872DB1CA93C19002E4BFF /* Base */,
			);
			name = Main.storyboard;
			sourceTree = "<group>";
		};
		417872DF1CA93C19002E4BFF /* LaunchScreen.storyboard */ = {
			isa = PBXVariantGroup;
			children = (
				417872E01CA93C19002E4BFF /* Base */,
			);
			name = LaunchScreen.storyboard;
			sourceTree = "<group>";
		};
/* End PBXVariantGroup section */

/* Begin XCBuildConfiguration section */
		417872F91CA93C19002E4BFF /* Debug */ = {
			isa = XCBuildConfiguration;
			buildSettings = {
				ALWAYS_SEARCH_USER_PATHS = NO;
				CLANG_CXX_LANGUAGE_STANDARD = "gnu++0x";
				CLANG_CXX_LIBRARY = "libc++";
				CLANG_ENABLE_MODULES = YES;
				CLANG_ENABLE_OBJC_ARC = YES;
				CLANG_WARN_BOOL_CONVERSION = YES;
				CLANG_WARN_CONSTANT_CONVERSION = YES;
				CLANG_WARN_DIRECT_OBJC_ISA_USAGE = YES_ERROR;
				CLANG_WARN_EMPTY_BODY = YES;
				CLANG_WARN_ENUM_CONVERSION = YES;
				CLANG_WARN_INT_CONVERSION = YES;
				CLANG_WARN_OBJC_ROOT_CLASS = YES_ERROR;
				CLANG_WARN_UNREACHABLE_CODE = YES;
				CLANG_WARN__DUPLICATE_METHOD_MATCH = YES;
				"CODE_SIGN_IDENTITY[sdk=iphoneos*]" = "iPhone Developer";
				COPY_PHASE_STRIP = NO;
				DEBUG_INFORMATION_FORMAT = dwarf;
				ENABLE_STRICT_OBJC_MSGSEND = YES;
				ENABLE_TESTABILITY = YES;
				GCC_C_LANGUAGE_STANDARD = gnu99;
				GCC_DYNAMIC_NO_PIC = NO;
				GCC_NO_COMMON_BLOCKS = YES;
				GCC_OPTIMIZATION_LEVEL = 0;
				GCC_PREPROCESSOR_DEFINITIONS = (
					"DEBUG=1",
					"$(inherited)",
				);
				GCC_WARN_64_TO_32_BIT_CONVERSION = YES;
				GCC_WARN_ABOUT_RETURN_TYPE = YES_ERROR;
				GCC_WARN_UNDECLARED_SELECTOR = YES;
				GCC_WARN_UNINITIALIZED_AUTOS = YES_AGGRESSIVE;
				GCC_WARN_UNUSED_FUNCTION = YES;
				GCC_WARN_UNUSED_VARIABLE = YES;
				IPHONEOS_DEPLOYMENT_TARGET = 9.2;
				MTL_ENABLE_DEBUG_INFO = YES;
				ONLY_ACTIVE_ARCH = YES;
				SDKROOT = iphoneos;
			};
			name = Debug;
		};
		417872FA1CA93C19002E4BFF /* Release */ = {
			isa = XCBuildConfiguration;
			buildSettings = {
				ALWAYS_SEARCH_USER_PATHS = NO;
				CLANG_CXX_LANGUAGE_STANDARD = "gnu++0x";
				CLANG_CXX_LIBRARY = "libc++";
				CLANG_ENABLE_MODULES = YES;
				CLANG_ENABLE_OBJC_ARC = YES;
				CLANG_WARN_BOOL_CONVERSION = YES;
				CLANG_WARN_CONSTANT_CONVERSION = YES;
				CLANG_WARN_DIRECT_OBJC_ISA_USAGE = YES_ERROR;
				CLANG_WARN_EMPTY_BODY = YES;
				CLANG_WARN_ENUM_CONVERSION = YES;
				CLANG_WARN_INT_CONVERSION = YES;
				CLANG_WARN_OBJC_ROOT_CLASS = YES_ERROR;
				CLANG_WARN_UNREACHABLE_CODE = YES;
				CLANG_WARN__DUPLICATE_METHOD_MATCH = YES;
				"CODE_SIGN_IDENTITY[sdk=iphoneos*]" = "iPhone Developer";
				COPY_PHASE_STRIP = NO;
				DEBUG_INFORMATION_FORMAT = "dwarf-with-dsym";
				ENABLE_NS_ASSERTIONS = NO;
				ENABLE_STRICT_OBJC_MSGSEND = YES;
				GCC_C_LANGUAGE_STANDARD = gnu99;
				GCC_NO_COMMON_BLOCKS = YES;
				GCC_WARN_64_TO_32_BIT_CONVERSION = YES;
				GCC_WARN_ABOUT_RETURN_TYPE = YES_ERROR;
				GCC_WARN_UNDECLARED_SELECTOR = YES;
				GCC_WARN_UNINITIALIZED_AUTOS = YES_AGGRESSIVE;
				GCC_WARN_UNUSED_FUNCTION = YES;
				GCC_WARN_UNUSED_VARIABLE = YES;
				IPHONEOS_DEPLOYMENT_TARGET = 9.2;
				MTL_ENABLE_DEBUG_INFO = NO;
				SDKROOT = iphoneos;
				VALIDATE_PRODUCT = YES;
			};
			name = Release;
		};
		417872FC1CA93C19002E4BFF /* Debug */ = {
			isa = XCBuildConfiguration;
			baseConfigurationReference = C0F0C3142401FBE729A0F517 /* Pods.debug.xcconfig */;
			buildSettings = {
				ASSETCATALOG_COMPILER_APPICON_NAME = AppIcon;
				FRAMEWORK_SEARCH_PATHS = (
					"$(inherited)",
					"$(PROJECT_DIR)/Ape/Component/Alipay",
					"$(PROJECT_DIR)/Ape/Component/UMSocial_Sdk_Extra_Frameworks/TencentOpenAPI",
				);
				INFOPLIST_FILE = Ape/Info.plist;
				LD_RUNPATH_SEARCH_PATHS = "$(inherited) @executable_path/Frameworks";
				LIBRARY_SEARCH_PATHS = (
					"$(inherited)",
					"$(PROJECT_DIR)/Ape/Component/UMSocial_Sdk_4.4",
					"$(PROJECT_DIR)/Ape/Component/UMSocial_Sdk_Extra_Frameworks/SinaSSO",
					"$(PROJECT_DIR)/Ape/Component/UMSocial_Sdk_Extra_Frameworks/TencentOpenAPI",
					"$(PROJECT_DIR)/Ape/Component/UMSocial_Sdk_Extra_Frameworks/Wechat",
				);
				PRODUCT_BUNDLE_IDENTIFIER = com.Geminy.Ape;
				PRODUCT_NAME = "$(TARGET_NAME)";
			};
			name = Debug;
		};
		417872FD1CA93C19002E4BFF /* Release */ = {
			isa = XCBuildConfiguration;
			baseConfigurationReference = 205A26B5FDF3C356168ADB86 /* Pods.release.xcconfig */;
			buildSettings = {
				ASSETCATALOG_COMPILER_APPICON_NAME = AppIcon;
				FRAMEWORK_SEARCH_PATHS = (
					"$(inherited)",
					"$(PROJECT_DIR)/Ape/Component/Alipay",
					"$(PROJECT_DIR)/Ape/Component/UMSocial_Sdk_Extra_Frameworks/TencentOpenAPI",
				);
				INFOPLIST_FILE = Ape/Info.plist;
				LD_RUNPATH_SEARCH_PATHS = "$(inherited) @executable_path/Frameworks";
				LIBRARY_SEARCH_PATHS = (
					"$(inherited)",
					"$(PROJECT_DIR)/Ape/Component/UMSocial_Sdk_4.4",
					"$(PROJECT_DIR)/Ape/Component/UMSocial_Sdk_Extra_Frameworks/SinaSSO",
					"$(PROJECT_DIR)/Ape/Component/UMSocial_Sdk_Extra_Frameworks/TencentOpenAPI",
					"$(PROJECT_DIR)/Ape/Component/UMSocial_Sdk_Extra_Frameworks/Wechat",
				);
				PRODUCT_BUNDLE_IDENTIFIER = com.Geminy.Ape;
				PRODUCT_NAME = "$(TARGET_NAME)";
			};
			name = Release;
		};
		417872FF1CA93C19002E4BFF /* Debug */ = {
			isa = XCBuildConfiguration;
			buildSettings = {
				BUNDLE_LOADER = "$(TEST_HOST)";
				INFOPLIST_FILE = ApeTests/Info.plist;
				LD_RUNPATH_SEARCH_PATHS = "$(inherited) @executable_path/Frameworks @loader_path/Frameworks";
				PRODUCT_BUNDLE_IDENTIFIER = com.Geminy.ApeTests;
				PRODUCT_NAME = "$(TARGET_NAME)";
				TEST_HOST = "$(BUILT_PRODUCTS_DIR)/Ape.app/Ape";
			};
			name = Debug;
		};
		417873001CA93C19002E4BFF /* Release */ = {
			isa = XCBuildConfiguration;
			buildSettings = {
				BUNDLE_LOADER = "$(TEST_HOST)";
				INFOPLIST_FILE = ApeTests/Info.plist;
				LD_RUNPATH_SEARCH_PATHS = "$(inherited) @executable_path/Frameworks @loader_path/Frameworks";
				PRODUCT_BUNDLE_IDENTIFIER = com.Geminy.ApeTests;
				PRODUCT_NAME = "$(TARGET_NAME)";
				TEST_HOST = "$(BUILT_PRODUCTS_DIR)/Ape.app/Ape";
			};
			name = Release;
		};
		417873021CA93C19002E4BFF /* Debug */ = {
			isa = XCBuildConfiguration;
			buildSettings = {
				INFOPLIST_FILE = ApeUITests/Info.plist;
				LD_RUNPATH_SEARCH_PATHS = "$(inherited) @executable_path/Frameworks @loader_path/Frameworks";
				PRODUCT_BUNDLE_IDENTIFIER = com.Geminy.ApeUITests;
				PRODUCT_NAME = "$(TARGET_NAME)";
				TEST_TARGET_NAME = Ape;
				USES_XCTRUNNER = YES;
			};
			name = Debug;
		};
		417873031CA93C19002E4BFF /* Release */ = {
			isa = XCBuildConfiguration;
			buildSettings = {
				INFOPLIST_FILE = ApeUITests/Info.plist;
				LD_RUNPATH_SEARCH_PATHS = "$(inherited) @executable_path/Frameworks @loader_path/Frameworks";
				PRODUCT_BUNDLE_IDENTIFIER = com.Geminy.ApeUITests;
				PRODUCT_NAME = "$(TARGET_NAME)";
				TEST_TARGET_NAME = Ape;
				USES_XCTRUNNER = YES;
			};
			name = Release;
		};
/* End XCBuildConfiguration section */

/* Begin XCConfigurationList section */
		417872C91CA93C19002E4BFF /* Build configuration list for PBXProject "Ape" */ = {
			isa = XCConfigurationList;
			buildConfigurations = (
				417872F91CA93C19002E4BFF /* Debug */,
				417872FA1CA93C19002E4BFF /* Release */,
			);
			defaultConfigurationIsVisible = 0;
			defaultConfigurationName = Release;
		};
		417872FB1CA93C19002E4BFF /* Build configuration list for PBXNativeTarget "Ape" */ = {
			isa = XCConfigurationList;
			buildConfigurations = (
				417872FC1CA93C19002E4BFF /* Debug */,
				417872FD1CA93C19002E4BFF /* Release */,
			);
			defaultConfigurationIsVisible = 0;
			defaultConfigurationName = Release;
		};
		417872FE1CA93C19002E4BFF /* Build configuration list for PBXNativeTarget "ApeTests" */ = {
			isa = XCConfigurationList;
			buildConfigurations = (
				417872FF1CA93C19002E4BFF /* Debug */,
				417873001CA93C19002E4BFF /* Release */,
			);
			defaultConfigurationIsVisible = 0;
			defaultConfigurationName = Release;
		};
		417873011CA93C19002E4BFF /* Build configuration list for PBXNativeTarget "ApeUITests" */ = {
			isa = XCConfigurationList;
			buildConfigurations = (
				417873021CA93C19002E4BFF /* Debug */,
				417873031CA93C19002E4BFF /* Release */,
			);
			defaultConfigurationIsVisible = 0;
			defaultConfigurationName = Release;
		};
/* End XCConfigurationList section */
	};
	rootObject = 417872C61CA93C19002E4BFF /* Project object */;
}
